<?xml version="1.0" encoding="utf-8"?>
<Project ToolsVersion="4.0" xmlns="http://schemas.microsoft.com/developer/msbuild/2003">
  <ItemGroup>
    <Filter Include="Source Files">
      <UniqueIdentifier>{4FC737F1-C7A5-4376-A066-2A32D752A2FF}</UniqueIdentifier>
      <Extensions>cpp;c;cc;cxx;c++;cppm;ixx;def;odl;idl;hpj;bat;asm;asmx</Extensions>
    </Filter>
    <Filter Include="Header Files">
      <UniqueIdentifier>{93995380-89BD-4b04-88EB-625FBE52EBFB}</UniqueIdentifier>
      <Extensions>h;hh;hpp;hxx;h++;hm;inl;inc;ipp;xsd</Extensions>
    </Filter>
    <Filter Include="Resource Files">
      <UniqueIdentifier>{67DA6AB6-F800-4c08-8B7A-83BB121AAD01}</UniqueIdentifier>
      <Extensions>rc;ico;cur;bmp;dlg;rc2;rct;bin;rgs;gif;jpg;jpeg;jpe;resx;tiff;tif;png;wav;mfcribbon-ms</Extensions>
    </Filter>
  </ItemGroup>
  <ItemGroup>
    <ClCompile Include="sexystudio.cpp">
      <Filter>Source Files</Filter>
    </ClCompile>
    <ClCompile Include="sexystudio.windows.main.cpp">
      <Filter>Source Files</Filter>
    </ClCompile>
    <ClCompile Include="sexystudio.windows.child.cpp">
      <Filter>Source Files</Filter>
    </ClCompile>
    <ClCompile Include="sexstudio.windows.ide.win32.cpp">
      <Filter>Source Files</Filter>
    </ClCompile>
    <ClCompile Include="sexystudio.windows.toolbar.cpp">
      <Filter>Source Files</Filter>
    </ClCompile>
    <ClCompile Include="sexystudio.layouts.cpp">
      <Filter>Source Files</Filter>
    </ClCompile>
    <ClCompile Include="sexystudio.delegates.cpp">
      <Filter>Source Files</Filter>
    </ClCompile>
    <ClCompile Include="sexystudio.windows.button.cpp">
      <Filter>Source Files</Filter>
    </ClCompile>
    <ClCompile Include="sexystudio.widgets.cpp">
      <Filter>Source Files</Filter>
    </ClCompile>
    <ClCompile Include="sexystudio.windows.splitter.cpp">
      <Filter>Source Files</Filter>
    </ClCompile>
    <ClCompile Include="sexystudio.windows.tabsplitter.cpp">
      <Filter>Source Files</Filter>
    </ClCompile>
  </ItemGroup>
  <ItemGroup>
    <ClInclude Include="resource.h">
      <Filter>Header Files</Filter>
    </ClInclude>
    <ClInclude Include="sexystudio.impl.h">
      <Filter>Header Files</Filter>
    </ClInclude>
    <ClInclude Include="sexystudio.api.h">
      <Filter>Header Files</Filter>
    </ClInclude>
  </ItemGroup>
  <ItemGroup>
    <ResourceCompile Include="sexystudio.rc">
      <Filter>Resource Files</Filter>
    </ResourceCompile>
  </ItemGroup>
  <ItemGroup>
    <Image Include="sexystudio.large.ico">
      <Filter>Resource Files</Filter>
    </Image>
    <Image Include="sexystudio.small.ico">
      <Filter>Resource Files</Filter>
    </Image>
  </ItemGroup>
</Project>