
Microsoft Visual Studio Solution File, Format Version 12.00
# Visual Studio Version 17
VisualStudioVersion = 17.0.32014.148
MinimumVisualStudioVersion = 10.0.40219.1
Project("{8BC9CEB8-8B4A-11D0-8D11-00A0C91BC942}") = "rococo.windows", "rococo.windows\rococo.windows.vcxproj", "{997A007C-24B0-44FE-A27E-0EE006D74128}"
	ProjectSection(ProjectDependencies) = postProject
		{D8D43712-8A89-4A92-A5E3-C1DA2EDA759D} = {D8D43712-8A89-4A92-A5E3-C1DA2EDA759D}
	EndProjectSection
EndProject
Project("{8BC9CEB8-8B4A-11D0-8D11-00A0C91BC942}") = "window.test", "window.test\window.test.vcxproj", "{039F8FD0-0C62-46D0-AC97-F16177E33272}"
	ProjectSection(ProjectDependencies) = postProject
		{997A007C-24B0-44FE-A27E-0EE006D74128} = {997A007C-24B0-44FE-A27E-0EE006D74128}
		{D8D43712-8A89-4A92-A5E3-C1DA2EDA759D} = {D8D43712-8A89-4A92-A5E3-C1DA2EDA759D}
	EndProjectSection
EndProject
Project("{8BC9CEB8-8B4A-11D0-8D11-00A0C91BC942}") = "dx11.renderer", "dx11.renderer\dx11.renderer.vcxproj", "{151FC7F0-2D21-40F1-AD39-AEED3924CCC3}"
	ProjectSection(ProjectDependencies) = postProject
		{4099EE18-E101-4EB2-BFC7-E9D4BD08DD86} = {4099EE18-E101-4EB2-BFC7-E9D4BD08DD86}
		{426AEC64-C529-4ADF-9A49-B4E7A3D6C710} = {426AEC64-C529-4ADF-9A49-B4E7A3D6C710}
		{997A007C-24B0-44FE-A27E-0EE006D74128} = {997A007C-24B0-44FE-A27E-0EE006D74128}
		{D8D43712-8A89-4A92-A5E3-C1DA2EDA759D} = {D8D43712-8A89-4A92-A5E3-C1DA2EDA759D}
	EndProjectSection
EndProject
Project("{8BC9CEB8-8B4A-11D0-8D11-00A0C91BC942}") = "rococo.maths", "rococo.maths\rococo.maths.vcxproj", "{426AEC64-C529-4ADF-9A49-B4E7A3D6C710}"
EndProject
Project("{8BC9CEB8-8B4A-11D0-8D11-00A0C91BC942}") = "rococo.maths.test", "rococo.maths.test\rococo.maths.test.vcxproj", "{9A70BF9A-D77A-4934-86AE-A429A25CB2C2}"
	ProjectSection(ProjectDependencies) = postProject
		{3C7ADE1B-6EFE-41D4-8779-A7ED80A0B7CA} = {3C7ADE1B-6EFE-41D4-8779-A7ED80A0B7CA}
		{426AEC64-C529-4ADF-9A49-B4E7A3D6C710} = {426AEC64-C529-4ADF-9A49-B4E7A3D6C710}
		{815CA790-E189-4E07-B9A7-CE5682473794} = {815CA790-E189-4E07-B9A7-CE5682473794}
		{D8D43712-8A89-4A92-A5E3-C1DA2EDA759D} = {D8D43712-8A89-4A92-A5E3-C1DA2EDA759D}
	EndProjectSection
EndProject
Project("{2150E333-8FDC-42A3-9474-1A3956D46DE8}") = "Content", "Content", "{BF615B7F-43F1-42AC-AC74-C0600CA01BF6}"
	ProjectSection(SolutionItems) = preProject
		content\scripts\hv\controls.sxy = content\scripts\hv\controls.sxy
		content\scripts\dystopia.sxh.sxy = content\scripts\dystopia.sxh.sxy
		content\scripts\hv\keys.sxy = content\scripts\hv\keys.sxy
		content\levels\level1.sxy = content\levels\level1.sxy
		content\scripts\hv\main.sxy = content\scripts\hv\main.sxy
		content\scripts\mplat.sxh.sxy = content\scripts\mplat.sxh.sxy
		content\scripts\panel.test.sxy = content\scripts\panel.test.sxy
	EndProjectSection
EndProject
Project("{8BC9CEB8-8B4A-11D0-8D11-00A0C91BC942}") = "rococo.sexy.ide", "rococo.sexy.ide\rococo.sexy.ide.vcxproj", "{B9B1C849-B75F-4C56-AD56-01D36F3FDA05}"
EndProject
Project("{8BC9CEB8-8B4A-11D0-8D11-00A0C91BC942}") = "hyperverse", "hyperverse\hyperverse.vcxproj", "{E98664C0-72C3-4E38-BACD-444DF2288DC9}"
	ProjectSection(ProjectDependencies) = postProject
		{151FC7F0-2D21-40F1-AD39-AEED3924CCC3} = {151FC7F0-2D21-40F1-AD39-AEED3924CCC3}
		{3C7ADE1B-6EFE-41D4-8779-A7ED80A0B7CA} = {3C7ADE1B-6EFE-41D4-8779-A7ED80A0B7CA}
		{426AEC64-C529-4ADF-9A49-B4E7A3D6C710} = {426AEC64-C529-4ADF-9A49-B4E7A3D6C710}
		{673E7B16-B3C8-48D9-915B-A8E82900691C} = {673E7B16-B3C8-48D9-915B-A8E82900691C}
		{8C99B5D5-A98C-4233-B0FE-889D8B26D72E} = {8C99B5D5-A98C-4233-B0FE-889D8B26D72E}
		{997A007C-24B0-44FE-A27E-0EE006D74128} = {997A007C-24B0-44FE-A27E-0EE006D74128}
		{B9B1C849-B75F-4C56-AD56-01D36F3FDA05} = {B9B1C849-B75F-4C56-AD56-01D36F3FDA05}
		{FE3BADFF-A200-4389-BD90-D3A058834C4F} = {FE3BADFF-A200-4389-BD90-D3A058834C4F}
	EndProjectSection
EndProject
Project("{8BC9CEB8-8B4A-11D0-8D11-00A0C91BC942}") = "rococo.sexy.mathsex", "rococo.sexy.mathsex\rococo.sexy.mathsex.vcxproj", "{FE3BADFF-A200-4389-BD90-D3A058834C4F}"
	ProjectSection(ProjectDependencies) = postProject
		{426AEC64-C529-4ADF-9A49-B4E7A3D6C710} = {426AEC64-C529-4ADF-9A49-B4E7A3D6C710}
		{D8D43712-8A89-4A92-A5E3-C1DA2EDA759D} = {D8D43712-8A89-4A92-A5E3-C1DA2EDA759D}
	EndProjectSection
EndProject
Project("{2150E333-8FDC-42A3-9474-1A3956D46DE8}") = "Solution Items", "Solution Items", "{89538331-3716-4F62-8CAA-CF6A73F08E23}"
	ProjectSection(SolutionItems) = preProject
		Directory.Build.props = Directory.Build.props
	EndProjectSection
EndProject
Project("{8BC9CEB8-8B4A-11D0-8D11-00A0C91BC942}") = "rococo.mplat", "rococo.mplat\rococo.mplat.vcxproj", "{3C7ADE1B-6EFE-41D4-8779-A7ED80A0B7CA}"
	ProjectSection(ProjectDependencies) = postProject
		{4099EE18-E101-4EB2-BFC7-E9D4BD08DD86} = {4099EE18-E101-4EB2-BFC7-E9D4BD08DD86}
		{815CA790-E189-4E07-B9A7-CE5682473794} = {815CA790-E189-4E07-B9A7-CE5682473794}
		{D8D43712-8A89-4A92-A5E3-C1DA2EDA759D} = {D8D43712-8A89-4A92-A5E3-C1DA2EDA759D}
	EndProjectSection
EndProject
Project("{8BC9CEB8-8B4A-11D0-8D11-00A0C91BC942}") = "rococo.mplat.test", "rococo.mplat.test\rococo.mplat.test.vcxproj", "{F3A084DE-A978-4969-AA7A-9FF9FE07D863}"
	ProjectSection(ProjectDependencies) = postProject
		{151FC7F0-2D21-40F1-AD39-AEED3924CCC3} = {151FC7F0-2D21-40F1-AD39-AEED3924CCC3}
		{3C7ADE1B-6EFE-41D4-8779-A7ED80A0B7CA} = {3C7ADE1B-6EFE-41D4-8779-A7ED80A0B7CA}
		{426AEC64-C529-4ADF-9A49-B4E7A3D6C710} = {426AEC64-C529-4ADF-9A49-B4E7A3D6C710}
		{815CA790-E189-4E07-B9A7-CE5682473794} = {815CA790-E189-4E07-B9A7-CE5682473794}
		{8C99B5D5-A98C-4233-B0FE-889D8B26D72E} = {8C99B5D5-A98C-4233-B0FE-889D8B26D72E}
		{997A007C-24B0-44FE-A27E-0EE006D74128} = {997A007C-24B0-44FE-A27E-0EE006D74128}
		{B9B1C849-B75F-4C56-AD56-01D36F3FDA05} = {B9B1C849-B75F-4C56-AD56-01D36F3FDA05}
		{FE3BADFF-A200-4389-BD90-D3A058834C4F} = {FE3BADFF-A200-4389-BD90-D3A058834C4F}
	EndProjectSection
EndProject
Project("{8BC9CEB8-8B4A-11D0-8D11-00A0C91BC942}") = "rococo.mplat.dynamic", "rococo.mplat.dynamic\rococo.mplat.dynamic.vcxproj", "{8C99B5D5-A98C-4233-B0FE-889D8B26D72E}"
	ProjectSection(ProjectDependencies) = postProject
		{151FC7F0-2D21-40F1-AD39-AEED3924CCC3} = {151FC7F0-2D21-40F1-AD39-AEED3924CCC3}
		{224026E5-A812-4025-AB4B-266A3C83612F} = {224026E5-A812-4025-AB4B-266A3C83612F}
		{31024025-C99F-45A4-A4EA-BCEB32794477} = {31024025-C99F-45A4-A4EA-BCEB32794477}
		{3C7ADE1B-6EFE-41D4-8779-A7ED80A0B7CA} = {3C7ADE1B-6EFE-41D4-8779-A7ED80A0B7CA}
		{426AEC64-C529-4ADF-9A49-B4E7A3D6C710} = {426AEC64-C529-4ADF-9A49-B4E7A3D6C710}
		{815CA790-E189-4E07-B9A7-CE5682473794} = {815CA790-E189-4E07-B9A7-CE5682473794}
		{997A007C-24B0-44FE-A27E-0EE006D74128} = {997A007C-24B0-44FE-A27E-0EE006D74128}
		{B9B1C849-B75F-4C56-AD56-01D36F3FDA05} = {B9B1C849-B75F-4C56-AD56-01D36F3FDA05}
		{D8D43712-8A89-4A92-A5E3-C1DA2EDA759D} = {D8D43712-8A89-4A92-A5E3-C1DA2EDA759D}
		{FE3BADFF-A200-4389-BD90-D3A058834C4F} = {FE3BADFF-A200-4389-BD90-D3A058834C4F}
	EndProjectSection
EndProject
Project("{8BC9CEB8-8B4A-11D0-8D11-00A0C91BC942}") = "rococo.util", "rococo.util\rococo.util.vcxproj", "{D8D43712-8A89-4A92-A5E3-C1DA2EDA759D}"
EndProject
Project("{8BC9CEB8-8B4A-11D0-8D11-00A0C91BC942}") = "rococo.mhost", "mhost\mhost.vcxproj", "{1EA74CEB-5E30-4B16-BDDF-8523A5F23DF8}"
	ProjectSection(ProjectDependencies) = postProject
		{3C7ADE1B-6EFE-41D4-8779-A7ED80A0B7CA} = {3C7ADE1B-6EFE-41D4-8779-A7ED80A0B7CA}
		{426AEC64-C529-4ADF-9A49-B4E7A3D6C710} = {426AEC64-C529-4ADF-9A49-B4E7A3D6C710}
		{815CA790-E189-4E07-B9A7-CE5682473794} = {815CA790-E189-4E07-B9A7-CE5682473794}
		{8C99B5D5-A98C-4233-B0FE-889D8B26D72E} = {8C99B5D5-A98C-4233-B0FE-889D8B26D72E}
		{997A007C-24B0-44FE-A27E-0EE006D74128} = {997A007C-24B0-44FE-A27E-0EE006D74128}
		{B9B1C849-B75F-4C56-AD56-01D36F3FDA05} = {B9B1C849-B75F-4C56-AD56-01D36F3FDA05}
		{D8D43712-8A89-4A92-A5E3-C1DA2EDA759D} = {D8D43712-8A89-4A92-A5E3-C1DA2EDA759D}
	EndProjectSection
EndProject
Project("{8BC9CEB8-8B4A-11D0-8D11-00A0C91BC942}") = "rococo.fonts", "rococo.fonts\fonts.vcxproj", "{31024025-C99F-45A4-A4EA-BCEB32794477}"
	ProjectSection(ProjectDependencies) = postProject
		{D8D43712-8A89-4A92-A5E3-C1DA2EDA759D} = {D8D43712-8A89-4A92-A5E3-C1DA2EDA759D}
	EndProjectSection
EndProject
Project("{8BC9CEB8-8B4A-11D0-8D11-00A0C91BC942}") = "rococo.widgets", "rococo.widgets\rococo.widgets.vcxproj", "{673E7B16-B3C8-48D9-915B-A8E82900691C}"
	ProjectSection(ProjectDependencies) = postProject
		{D8D43712-8A89-4A92-A5E3-C1DA2EDA759D} = {D8D43712-8A89-4A92-A5E3-C1DA2EDA759D}
	EndProjectSection
EndProject
Project("{8BC9CEB8-8B4A-11D0-8D11-00A0C91BC942}") = "rococo.file.browser", "rococo.file.browser\rococo.file.browser.vcxproj", "{224026E5-A812-4025-AB4B-266A3C83612F}"
EndProject
Project("{8BC9CEB8-8B4A-11D0-8D11-00A0C91BC942}") = "rococo.packager", "rococo.packager\rococo.packager.vcxproj", "{4F891FF0-CAA3-4FB4-B474-02109CD37DE5}"
	ProjectSection(ProjectDependencies) = postProject
		{D8D43712-8A89-4A92-A5E3-C1DA2EDA759D} = {D8D43712-8A89-4A92-A5E3-C1DA2EDA759D}
	EndProjectSection
EndProject
Project("{8BC9CEB8-8B4A-11D0-8D11-00A0C91BC942}") = "rococo.DirectX", "rococo.DirectX\rococo.DirectX.vcxproj", "{4F9DCD72-CB15-4267-B68D-97B7D38685F6}"
	ProjectSection(ProjectDependencies) = postProject
		{D8D43712-8A89-4A92-A5E3-C1DA2EDA759D} = {D8D43712-8A89-4A92-A5E3-C1DA2EDA759D}
	EndProjectSection
EndProject
Project("{8BC9CEB8-8B4A-11D0-8D11-00A0C91BC942}") = "sexystudio", "sexystudio\sexystudio.vcxproj", "{8A8EE8BD-C917-4471-9B7A-3F23A6B432AA}"
	ProjectSection(ProjectDependencies) = postProject
		{426AEC64-C529-4ADF-9A49-B4E7A3D6C710} = {426AEC64-C529-4ADF-9A49-B4E7A3D6C710}
		{997A007C-24B0-44FE-A27E-0EE006D74128} = {997A007C-24B0-44FE-A27E-0EE006D74128}
		{B9B1C849-B75F-4C56-AD56-01D36F3FDA05} = {B9B1C849-B75F-4C56-AD56-01D36F3FDA05}
		{D8D43712-8A89-4A92-A5E3-C1DA2EDA759D} = {D8D43712-8A89-4A92-A5E3-C1DA2EDA759D}
	EndProjectSection
EndProject
Project("{8BC9CEB8-8B4A-11D0-8D11-00A0C91BC942}") = "sexystudio.4.notepad++", "sexystudio.4.NPP\vs.proj\SexyStudio.4.Notepad++.vcxproj", "{9D04DBD5-E12E-44E0-A683-6F43F21D533B}"
	ProjectSection(ProjectDependencies) = postProject
		{8A8EE8BD-C917-4471-9B7A-3F23A6B432AA} = {8A8EE8BD-C917-4471-9B7A-3F23A6B432AA}
		{997A007C-24B0-44FE-A27E-0EE006D74128} = {997A007C-24B0-44FE-A27E-0EE006D74128}
	EndProjectSection
EndProject
Project("{8BC9CEB8-8B4A-11D0-8D11-00A0C91BC942}") = "sexystudio.app", "sexystudio.app\sexystudio.app.vcxproj", "{D60A33FA-ED87-44A0-A395-B8F987A241A1}"
	ProjectSection(ProjectDependencies) = postProject
		{815CA790-E189-4E07-B9A7-CE5682473794} = {815CA790-E189-4E07-B9A7-CE5682473794}
		{8A8EE8BD-C917-4471-9B7A-3F23A6B432AA} = {8A8EE8BD-C917-4471-9B7A-3F23A6B432AA}
		{997A007C-24B0-44FE-A27E-0EE006D74128} = {997A007C-24B0-44FE-A27E-0EE006D74128}
	EndProjectSection
EndProject
Project("{FAE04EC0-301F-11D3-BF4B-00C04F79EFBC}") = "sexcel", "sexcel\sexcel.csproj", "{EA26863D-C9A6-497A-9DD3-BBF42C995B52}"
EndProject
Project("{8BC9CEB8-8B4A-11D0-8D11-00A0C91BC942}") = "rococo.wrappergen", "rococo.wrappergen\rococo.wrappergen.vcxproj", "{E2B539B4-8755-4E6E-BAEA-87A6A4722E1E}"
	ProjectSection(ProjectDependencies) = postProject
		{997A007C-24B0-44FE-A27E-0EE006D74128} = {997A007C-24B0-44FE-A27E-0EE006D74128}
		{D8D43712-8A89-4A92-A5E3-C1DA2EDA759D} = {D8D43712-8A89-4A92-A5E3-C1DA2EDA759D}
	EndProjectSection
EndProject
Project("{8BC9CEB8-8B4A-11D0-8D11-00A0C91BC942}") = "rococo.wrappergen.test", "rococo.wrappergen.test\rococo.wrappergen.test.vcxproj", "{5D65B10D-1F50-4D14-A518-221785D5E2A4}"
	ProjectSection(ProjectDependencies) = postProject
		{E2B539B4-8755-4E6E-BAEA-87A6A4722E1E} = {E2B539B4-8755-4E6E-BAEA-87A6A4722E1E}
	EndProjectSection
EndProject
Project("{8BC9CEB8-8B4A-11D0-8D11-00A0C91BC942}") = "rococo.misc.utils", "rococo.misc.utils\rococo.misc.utils.vcxproj", "{815CA790-E189-4E07-B9A7-CE5682473794}"
EndProject
Project("{8BC9CEB8-8B4A-11D0-8D11-00A0C91BC942}") = "sexystudio.test", "sexystudio.test\sexystudio.test.vcxproj", "{D38C08DE-372B-4F55-B639-8F417E0691DD}"
	ProjectSection(ProjectDependencies) = postProject
		{8A8EE8BD-C917-4471-9B7A-3F23A6B432AA} = {8A8EE8BD-C917-4471-9B7A-3F23A6B432AA}
	EndProjectSection
EndProject
Project("{8BC9CEB8-8B4A-11D0-8D11-00A0C91BC942}") = "rococo.components.test", "rococo.components.test\rococo.components.test.vcxproj", "{06677414-7E0E-49A9-83B8-DC6C2FAF0F27}"
	ProjectSection(ProjectDependencies) = postProject
		{426AEC64-C529-4ADF-9A49-B4E7A3D6C710} = {426AEC64-C529-4ADF-9A49-B4E7A3D6C710}
		{997A007C-24B0-44FE-A27E-0EE006D74128} = {997A007C-24B0-44FE-A27E-0EE006D74128}
		{9EE9F966-EC4D-470E-8DBD-1E8BF67EADB5} = {9EE9F966-EC4D-470E-8DBD-1E8BF67EADB5}
		{D8D43712-8A89-4A92-A5E3-C1DA2EDA759D} = {D8D43712-8A89-4A92-A5E3-C1DA2EDA759D}
	EndProjectSection
EndProject
Project("{FAE04EC0-301F-11D3-BF4B-00C04F79EFBC}") = "FontGenerator", "GisephoneFonts\FontGenerator\FontGenerator.csproj", "{1658528C-598E-438A-AC72-75E16A47CBF4}"
EndProject
Project("{8BC9CEB8-8B4A-11D0-8D11-00A0C91BC942}") = "rococo.fonts.api", "GisephoneFonts\rococo.fonts.api\rococo.fonts.api.vcxproj", "{5803A0C3-085A-43BF-8586-873F6690D087}"
EndProject
Project("{9A19103F-16F7-4668-BE54-9A1E7A4F7556}") = "rococo.csharp.sexparser", "rococo.csharp.sexparser\rococo.csharp.sexparser.csproj", "{BC4BF090-66B0-4C25-944E-15C19D2A3D02}"
EndProject
Project("{9A19103F-16F7-4668-BE54-9A1E7A4F7556}") = "rococo.csharp.testapp", "rococo.csharp.testapp\rococo.csharp.testapp.csproj", "{9E97D6E8-AFCB-4DCA-B42E-7FEB05F4BE40}"
EndProject
Project("{9A19103F-16F7-4668-BE54-9A1E7A4F7556}") = "rococo.cpp_master", "rococo.cpp_master\rococo.cpp_master.csproj", "{9EE9F966-EC4D-470E-8DBD-1E8BF67EADB5}"
EndProject
Project("{9A19103F-16F7-4668-BE54-9A1E7A4F7556}") = "rococo.carpenter", "rococo.carpenter\rococo.carpenter.csproj", "{0E64BB46-5773-490F-ADDB-7F0E8E76C15C}"
EndProject
Project("{8BC9CEB8-8B4A-11D0-8D11-00A0C91BC942}") = "rococo.carpenter.test", "rococo.carpenter.test\rococo.carpenter.test.vcxproj", "{E7E9609D-19EA-4F5C-B740-E4C668DCFA95}"
	ProjectSection(ProjectDependencies) = postProject
		{0E64BB46-5773-490F-ADDB-7F0E8E76C15C} = {0E64BB46-5773-490F-ADDB-7F0E8E76C15C}
		{82EECC92-2C7B-4BE8-AC76-4B4E383F7AB8} = {82EECC92-2C7B-4BE8-AC76-4B4E383F7AB8}
		{997A007C-24B0-44FE-A27E-0EE006D74128} = {997A007C-24B0-44FE-A27E-0EE006D74128}
		{D8D43712-8A89-4A92-A5E3-C1DA2EDA759D} = {D8D43712-8A89-4A92-A5E3-C1DA2EDA759D}
	EndProjectSection
EndProject
Project("{9A19103F-16F7-4668-BE54-9A1E7A4F7556}") = "rococo.carpenter.app", "rococo.carpenter.app\rococo.carpenter.app.csproj", "{82EECC92-2C7B-4BE8-AC76-4B4E383F7AB8}"
EndProject
Project("{8BC9CEB8-8B4A-11D0-8D11-00A0C91BC942}") = "rococo.util.ex", "rococo.util.ex\rococo.util.ex.vcxproj", "{4099EE18-E101-4EB2-BFC7-E9D4BD08DD86}"
	ProjectSection(ProjectDependencies) = postProject
		{D8D43712-8A89-4A92-A5E3-C1DA2EDA759D} = {D8D43712-8A89-4A92-A5E3-C1DA2EDA759D}
	EndProjectSection
EndProject
Global
	GlobalSection(SolutionConfigurationPlatforms) = preSolution
		Debug|Any CPU = Debug|Any CPU
		Debug|x64 = Debug|x64
		Debug|x86 = Debug|x86
		Release|Any CPU = Release|Any CPU
		Release|x64 = Release|x64
		Release|x86 = Release|x86
	EndGlobalSection
	GlobalSection(ProjectConfigurationPlatforms) = postSolution
		{997A007C-24B0-44FE-A27E-0EE006D74128}.Debug|Any CPU.ActiveCfg = Debug|x64
		{997A007C-24B0-44FE-A27E-0EE006D74128}.Debug|x64.ActiveCfg = Debug|x64
		{997A007C-24B0-44FE-A27E-0EE006D74128}.Debug|x64.Build.0 = Debug|x64
		{997A007C-24B0-44FE-A27E-0EE006D74128}.Debug|x86.ActiveCfg = Debug|x64
		{997A007C-24B0-44FE-A27E-0EE006D74128}.Debug|x86.Build.0 = Debug|x64
		{997A007C-24B0-44FE-A27E-0EE006D74128}.Release|Any CPU.ActiveCfg = Release|x64
		{997A007C-24B0-44FE-A27E-0EE006D74128}.Release|x64.ActiveCfg = Release|x64
		{997A007C-24B0-44FE-A27E-0EE006D74128}.Release|x64.Build.0 = Release|x64
		{997A007C-24B0-44FE-A27E-0EE006D74128}.Release|x86.ActiveCfg = Release|x64
		{997A007C-24B0-44FE-A27E-0EE006D74128}.Release|x86.Build.0 = Release|x64
		{039F8FD0-0C62-46D0-AC97-F16177E33272}.Debug|Any CPU.ActiveCfg = Debug|x64
		{039F8FD0-0C62-46D0-AC97-F16177E33272}.Debug|x64.ActiveCfg = Debug|x64
		{039F8FD0-0C62-46D0-AC97-F16177E33272}.Debug|x64.Build.0 = Debug|x64
		{039F8FD0-0C62-46D0-AC97-F16177E33272}.Debug|x86.ActiveCfg = Debug|x64
		{039F8FD0-0C62-46D0-AC97-F16177E33272}.Debug|x86.Build.0 = Debug|x64
		{039F8FD0-0C62-46D0-AC97-F16177E33272}.Release|Any CPU.ActiveCfg = Release|x64
		{039F8FD0-0C62-46D0-AC97-F16177E33272}.Release|x64.ActiveCfg = Release|x64
		{039F8FD0-0C62-46D0-AC97-F16177E33272}.Release|x64.Build.0 = Release|x64
		{039F8FD0-0C62-46D0-AC97-F16177E33272}.Release|x86.ActiveCfg = Release|x64
		{039F8FD0-0C62-46D0-AC97-F16177E33272}.Release|x86.Build.0 = Release|x64
		{151FC7F0-2D21-40F1-AD39-AEED3924CCC3}.Debug|Any CPU.ActiveCfg = Debug|x64
		{151FC7F0-2D21-40F1-AD39-AEED3924CCC3}.Debug|x64.ActiveCfg = Debug|x64
		{151FC7F0-2D21-40F1-AD39-AEED3924CCC3}.Debug|x64.Build.0 = Debug|x64
		{151FC7F0-2D21-40F1-AD39-AEED3924CCC3}.Debug|x86.ActiveCfg = Debug|x64
		{151FC7F0-2D21-40F1-AD39-AEED3924CCC3}.Debug|x86.Build.0 = Debug|x64
		{151FC7F0-2D21-40F1-AD39-AEED3924CCC3}.Release|Any CPU.ActiveCfg = Release|x64
		{151FC7F0-2D21-40F1-AD39-AEED3924CCC3}.Release|x64.ActiveCfg = Release|x64
		{151FC7F0-2D21-40F1-AD39-AEED3924CCC3}.Release|x64.Build.0 = Release|x64
		{151FC7F0-2D21-40F1-AD39-AEED3924CCC3}.Release|x86.ActiveCfg = Release|x64
		{151FC7F0-2D21-40F1-AD39-AEED3924CCC3}.Release|x86.Build.0 = Release|x64
		{426AEC64-C529-4ADF-9A49-B4E7A3D6C710}.Debug|Any CPU.ActiveCfg = Debug|x64
		{426AEC64-C529-4ADF-9A49-B4E7A3D6C710}.Debug|x64.ActiveCfg = Debug|x64
		{426AEC64-C529-4ADF-9A49-B4E7A3D6C710}.Debug|x64.Build.0 = Debug|x64
		{426AEC64-C529-4ADF-9A49-B4E7A3D6C710}.Debug|x86.ActiveCfg = Debug|x64
		{426AEC64-C529-4ADF-9A49-B4E7A3D6C710}.Debug|x86.Build.0 = Debug|x64
		{426AEC64-C529-4ADF-9A49-B4E7A3D6C710}.Release|Any CPU.ActiveCfg = Release|x64
		{426AEC64-C529-4ADF-9A49-B4E7A3D6C710}.Release|x64.ActiveCfg = Release|x64
		{426AEC64-C529-4ADF-9A49-B4E7A3D6C710}.Release|x64.Build.0 = Release|x64
		{426AEC64-C529-4ADF-9A49-B4E7A3D6C710}.Release|x86.ActiveCfg = Release|x64
		{426AEC64-C529-4ADF-9A49-B4E7A3D6C710}.Release|x86.Build.0 = Release|x64
		{9A70BF9A-D77A-4934-86AE-A429A25CB2C2}.Debug|Any CPU.ActiveCfg = Debug|x64
		{9A70BF9A-D77A-4934-86AE-A429A25CB2C2}.Debug|x64.ActiveCfg = Debug|x64
		{9A70BF9A-D77A-4934-86AE-A429A25CB2C2}.Debug|x64.Build.0 = Debug|x64
		{9A70BF9A-D77A-4934-86AE-A429A25CB2C2}.Debug|x86.ActiveCfg = Debug|x64
		{9A70BF9A-D77A-4934-86AE-A429A25CB2C2}.Debug|x86.Build.0 = Debug|x64
		{9A70BF9A-D77A-4934-86AE-A429A25CB2C2}.Release|Any CPU.ActiveCfg = Release|x64
		{9A70BF9A-D77A-4934-86AE-A429A25CB2C2}.Release|x64.ActiveCfg = Release|x64
		{9A70BF9A-D77A-4934-86AE-A429A25CB2C2}.Release|x64.Build.0 = Release|x64
		{9A70BF9A-D77A-4934-86AE-A429A25CB2C2}.Release|x86.ActiveCfg = Release|x64
		{9A70BF9A-D77A-4934-86AE-A429A25CB2C2}.Release|x86.Build.0 = Release|x64
		{B9B1C849-B75F-4C56-AD56-01D36F3FDA05}.Debug|Any CPU.ActiveCfg = Debug|x64
		{B9B1C849-B75F-4C56-AD56-01D36F3FDA05}.Debug|x64.ActiveCfg = Debug|x64
		{B9B1C849-B75F-4C56-AD56-01D36F3FDA05}.Debug|x64.Build.0 = Debug|x64
		{B9B1C849-B75F-4C56-AD56-01D36F3FDA05}.Debug|x86.ActiveCfg = Debug|x64
		{B9B1C849-B75F-4C56-AD56-01D36F3FDA05}.Debug|x86.Build.0 = Debug|x64
		{B9B1C849-B75F-4C56-AD56-01D36F3FDA05}.Release|Any CPU.ActiveCfg = Release|x64
		{B9B1C849-B75F-4C56-AD56-01D36F3FDA05}.Release|x64.ActiveCfg = Release|x64
		{B9B1C849-B75F-4C56-AD56-01D36F3FDA05}.Release|x64.Build.0 = Release|x64
		{B9B1C849-B75F-4C56-AD56-01D36F3FDA05}.Release|x86.ActiveCfg = Release|x64
		{B9B1C849-B75F-4C56-AD56-01D36F3FDA05}.Release|x86.Build.0 = Release|x64
		{E98664C0-72C3-4E38-BACD-444DF2288DC9}.Debug|Any CPU.ActiveCfg = Debug|x64
		{E98664C0-72C3-4E38-BACD-444DF2288DC9}.Debug|x64.ActiveCfg = Debug|x64
		{E98664C0-72C3-4E38-BACD-444DF2288DC9}.Debug|x64.Build.0 = Debug|x64
		{E98664C0-72C3-4E38-BACD-444DF2288DC9}.Debug|x86.ActiveCfg = Debug|x64
		{E98664C0-72C3-4E38-BACD-444DF2288DC9}.Debug|x86.Build.0 = Debug|x64
		{E98664C0-72C3-4E38-BACD-444DF2288DC9}.Release|Any CPU.ActiveCfg = Release|x64
		{E98664C0-72C3-4E38-BACD-444DF2288DC9}.Release|x64.ActiveCfg = Release|x64
		{E98664C0-72C3-4E38-BACD-444DF2288DC9}.Release|x64.Build.0 = Release|x64
		{E98664C0-72C3-4E38-BACD-444DF2288DC9}.Release|x86.ActiveCfg = Release|x64
		{E98664C0-72C3-4E38-BACD-444DF2288DC9}.Release|x86.Build.0 = Release|x64
		{FE3BADFF-A200-4389-BD90-D3A058834C4F}.Debug|Any CPU.ActiveCfg = Debug|x64
		{FE3BADFF-A200-4389-BD90-D3A058834C4F}.Debug|x64.ActiveCfg = Debug|x64
		{FE3BADFF-A200-4389-BD90-D3A058834C4F}.Debug|x64.Build.0 = Debug|x64
		{FE3BADFF-A200-4389-BD90-D3A058834C4F}.Debug|x86.ActiveCfg = Debug|x64
		{FE3BADFF-A200-4389-BD90-D3A058834C4F}.Debug|x86.Build.0 = Debug|x64
		{FE3BADFF-A200-4389-BD90-D3A058834C4F}.Release|Any CPU.ActiveCfg = Release|x64
		{FE3BADFF-A200-4389-BD90-D3A058834C4F}.Release|x64.ActiveCfg = Release|x64
		{FE3BADFF-A200-4389-BD90-D3A058834C4F}.Release|x64.Build.0 = Release|x64
		{FE3BADFF-A200-4389-BD90-D3A058834C4F}.Release|x86.ActiveCfg = Release|x64
		{FE3BADFF-A200-4389-BD90-D3A058834C4F}.Release|x86.Build.0 = Release|x64
		{3C7ADE1B-6EFE-41D4-8779-A7ED80A0B7CA}.Debug|Any CPU.ActiveCfg = Debug|x64
		{3C7ADE1B-6EFE-41D4-8779-A7ED80A0B7CA}.Debug|x64.ActiveCfg = Debug|x64
		{3C7ADE1B-6EFE-41D4-8779-A7ED80A0B7CA}.Debug|x64.Build.0 = Debug|x64
		{3C7ADE1B-6EFE-41D4-8779-A7ED80A0B7CA}.Debug|x86.ActiveCfg = Debug|x64
		{3C7ADE1B-6EFE-41D4-8779-A7ED80A0B7CA}.Debug|x86.Build.0 = Debug|x64
		{3C7ADE1B-6EFE-41D4-8779-A7ED80A0B7CA}.Release|Any CPU.ActiveCfg = Release|x64
		{3C7ADE1B-6EFE-41D4-8779-A7ED80A0B7CA}.Release|x64.ActiveCfg = Release|x64
		{3C7ADE1B-6EFE-41D4-8779-A7ED80A0B7CA}.Release|x64.Build.0 = Release|x64
		{3C7ADE1B-6EFE-41D4-8779-A7ED80A0B7CA}.Release|x86.ActiveCfg = Release|x64
		{3C7ADE1B-6EFE-41D4-8779-A7ED80A0B7CA}.Release|x86.Build.0 = Release|x64
		{F3A084DE-A978-4969-AA7A-9FF9FE07D863}.Debug|Any CPU.ActiveCfg = Debug|x64
		{F3A084DE-A978-4969-AA7A-9FF9FE07D863}.Debug|x64.ActiveCfg = Debug|x64
		{F3A084DE-A978-4969-AA7A-9FF9FE07D863}.Debug|x64.Build.0 = Debug|x64
		{F3A084DE-A978-4969-AA7A-9FF9FE07D863}.Debug|x86.ActiveCfg = Debug|x64
		{F3A084DE-A978-4969-AA7A-9FF9FE07D863}.Debug|x86.Build.0 = Debug|x64
		{F3A084DE-A978-4969-AA7A-9FF9FE07D863}.Release|Any CPU.ActiveCfg = Release|x64
		{F3A084DE-A978-4969-AA7A-9FF9FE07D863}.Release|x64.ActiveCfg = Release|x64
		{F3A084DE-A978-4969-AA7A-9FF9FE07D863}.Release|x64.Build.0 = Release|x64
		{F3A084DE-A978-4969-AA7A-9FF9FE07D863}.Release|x86.ActiveCfg = Release|x64
		{F3A084DE-A978-4969-AA7A-9FF9FE07D863}.Release|x86.Build.0 = Release|x64
		{8C99B5D5-A98C-4233-B0FE-889D8B26D72E}.Debug|Any CPU.ActiveCfg = Debug|x64
		{8C99B5D5-A98C-4233-B0FE-889D8B26D72E}.Debug|x64.ActiveCfg = Debug|x64
		{8C99B5D5-A98C-4233-B0FE-889D8B26D72E}.Debug|x64.Build.0 = Debug|x64
		{8C99B5D5-A98C-4233-B0FE-889D8B26D72E}.Debug|x86.ActiveCfg = Debug|x64
		{8C99B5D5-A98C-4233-B0FE-889D8B26D72E}.Debug|x86.Build.0 = Debug|x64
		{8C99B5D5-A98C-4233-B0FE-889D8B26D72E}.Release|Any CPU.ActiveCfg = Release|x64
		{8C99B5D5-A98C-4233-B0FE-889D8B26D72E}.Release|x64.ActiveCfg = Release|x64
		{8C99B5D5-A98C-4233-B0FE-889D8B26D72E}.Release|x64.Build.0 = Release|x64
		{8C99B5D5-A98C-4233-B0FE-889D8B26D72E}.Release|x86.ActiveCfg = Release|x64
		{8C99B5D5-A98C-4233-B0FE-889D8B26D72E}.Release|x86.Build.0 = Release|x64
		{D8D43712-8A89-4A92-A5E3-C1DA2EDA759D}.Debug|Any CPU.ActiveCfg = Debug|x64
		{D8D43712-8A89-4A92-A5E3-C1DA2EDA759D}.Debug|x64.ActiveCfg = Debug|x64
		{D8D43712-8A89-4A92-A5E3-C1DA2EDA759D}.Debug|x64.Build.0 = Debug|x64
		{D8D43712-8A89-4A92-A5E3-C1DA2EDA759D}.Debug|x86.ActiveCfg = Debug|x64
		{D8D43712-8A89-4A92-A5E3-C1DA2EDA759D}.Debug|x86.Build.0 = Debug|x64
		{D8D43712-8A89-4A92-A5E3-C1DA2EDA759D}.Release|Any CPU.ActiveCfg = Release|x64
		{D8D43712-8A89-4A92-A5E3-C1DA2EDA759D}.Release|x64.ActiveCfg = Release|x64
		{D8D43712-8A89-4A92-A5E3-C1DA2EDA759D}.Release|x64.Build.0 = Release|x64
		{D8D43712-8A89-4A92-A5E3-C1DA2EDA759D}.Release|x86.ActiveCfg = Release|x64
		{D8D43712-8A89-4A92-A5E3-C1DA2EDA759D}.Release|x86.Build.0 = Release|x64
		{1EA74CEB-5E30-4B16-BDDF-8523A5F23DF8}.Debug|Any CPU.ActiveCfg = Debug|x64
		{1EA74CEB-5E30-4B16-BDDF-8523A5F23DF8}.Debug|x64.ActiveCfg = Debug|x64
		{1EA74CEB-5E30-4B16-BDDF-8523A5F23DF8}.Debug|x64.Build.0 = Debug|x64
		{1EA74CEB-5E30-4B16-BDDF-8523A5F23DF8}.Debug|x86.ActiveCfg = Debug|x64
		{1EA74CEB-5E30-4B16-BDDF-8523A5F23DF8}.Debug|x86.Build.0 = Debug|x64
		{1EA74CEB-5E30-4B16-BDDF-8523A5F23DF8}.Release|Any CPU.ActiveCfg = Release|x64
		{1EA74CEB-5E30-4B16-BDDF-8523A5F23DF8}.Release|x64.ActiveCfg = Release|x64
		{1EA74CEB-5E30-4B16-BDDF-8523A5F23DF8}.Release|x64.Build.0 = Release|x64
		{1EA74CEB-5E30-4B16-BDDF-8523A5F23DF8}.Release|x86.ActiveCfg = Release|x64
		{1EA74CEB-5E30-4B16-BDDF-8523A5F23DF8}.Release|x86.Build.0 = Release|x64
		{31024025-C99F-45A4-A4EA-BCEB32794477}.Debug|Any CPU.ActiveCfg = Debug|x64
		{31024025-C99F-45A4-A4EA-BCEB32794477}.Debug|x64.ActiveCfg = Debug|x64
		{31024025-C99F-45A4-A4EA-BCEB32794477}.Debug|x64.Build.0 = Debug|x64
		{31024025-C99F-45A4-A4EA-BCEB32794477}.Debug|x86.ActiveCfg = Debug|x64
		{31024025-C99F-45A4-A4EA-BCEB32794477}.Debug|x86.Build.0 = Debug|x64
		{31024025-C99F-45A4-A4EA-BCEB32794477}.Release|Any CPU.ActiveCfg = Release|x64
		{31024025-C99F-45A4-A4EA-BCEB32794477}.Release|x64.ActiveCfg = Release|x64
		{31024025-C99F-45A4-A4EA-BCEB32794477}.Release|x64.Build.0 = Release|x64
		{31024025-C99F-45A4-A4EA-BCEB32794477}.Release|x86.ActiveCfg = Release|x64
		{31024025-C99F-45A4-A4EA-BCEB32794477}.Release|x86.Build.0 = Release|x64
		{673E7B16-B3C8-48D9-915B-A8E82900691C}.Debug|Any CPU.ActiveCfg = Debug|x64
		{673E7B16-B3C8-48D9-915B-A8E82900691C}.Debug|x64.ActiveCfg = Debug|x64
		{673E7B16-B3C8-48D9-915B-A8E82900691C}.Debug|x64.Build.0 = Debug|x64
		{673E7B16-B3C8-48D9-915B-A8E82900691C}.Debug|x86.ActiveCfg = Debug|x64
		{673E7B16-B3C8-48D9-915B-A8E82900691C}.Debug|x86.Build.0 = Debug|x64
		{673E7B16-B3C8-48D9-915B-A8E82900691C}.Release|Any CPU.ActiveCfg = Release|x64
		{673E7B16-B3C8-48D9-915B-A8E82900691C}.Release|x64.ActiveCfg = Release|x64
		{673E7B16-B3C8-48D9-915B-A8E82900691C}.Release|x64.Build.0 = Release|x64
		{673E7B16-B3C8-48D9-915B-A8E82900691C}.Release|x86.ActiveCfg = Release|x64
		{673E7B16-B3C8-48D9-915B-A8E82900691C}.Release|x86.Build.0 = Release|x64
		{224026E5-A812-4025-AB4B-266A3C83612F}.Debug|Any CPU.ActiveCfg = Debug|x64
		{224026E5-A812-4025-AB4B-266A3C83612F}.Debug|x64.ActiveCfg = Debug|x64
		{224026E5-A812-4025-AB4B-266A3C83612F}.Debug|x64.Build.0 = Debug|x64
		{224026E5-A812-4025-AB4B-266A3C83612F}.Debug|x86.ActiveCfg = Debug|x64
		{224026E5-A812-4025-AB4B-266A3C83612F}.Debug|x86.Build.0 = Debug|x64
		{224026E5-A812-4025-AB4B-266A3C83612F}.Release|Any CPU.ActiveCfg = Release|x64
		{224026E5-A812-4025-AB4B-266A3C83612F}.Release|x64.ActiveCfg = Release|x64
		{224026E5-A812-4025-AB4B-266A3C83612F}.Release|x64.Build.0 = Release|x64
		{224026E5-A812-4025-AB4B-266A3C83612F}.Release|x86.ActiveCfg = Release|x64
		{224026E5-A812-4025-AB4B-266A3C83612F}.Release|x86.Build.0 = Release|x64
		{4F891FF0-CAA3-4FB4-B474-02109CD37DE5}.Debug|Any CPU.ActiveCfg = Debug|x64
		{4F891FF0-CAA3-4FB4-B474-02109CD37DE5}.Debug|x64.ActiveCfg = Debug|x64
		{4F891FF0-CAA3-4FB4-B474-02109CD37DE5}.Debug|x64.Build.0 = Debug|x64
		{4F891FF0-CAA3-4FB4-B474-02109CD37DE5}.Debug|x86.ActiveCfg = Debug|x64
		{4F891FF0-CAA3-4FB4-B474-02109CD37DE5}.Debug|x86.Build.0 = Debug|x64
		{4F891FF0-CAA3-4FB4-B474-02109CD37DE5}.Release|Any CPU.ActiveCfg = Release|x64
		{4F891FF0-CAA3-4FB4-B474-02109CD37DE5}.Release|x64.ActiveCfg = Release|x64
		{4F891FF0-CAA3-4FB4-B474-02109CD37DE5}.Release|x64.Build.0 = Release|x64
		{4F891FF0-CAA3-4FB4-B474-02109CD37DE5}.Release|x86.ActiveCfg = Release|x64
		{4F891FF0-CAA3-4FB4-B474-02109CD37DE5}.Release|x86.Build.0 = Release|x64
		{4F9DCD72-CB15-4267-B68D-97B7D38685F6}.Debug|Any CPU.ActiveCfg = Debug|x64
		{4F9DCD72-CB15-4267-B68D-97B7D38685F6}.Debug|x64.ActiveCfg = Debug|x64
		{4F9DCD72-CB15-4267-B68D-97B7D38685F6}.Debug|x64.Build.0 = Debug|x64
		{4F9DCD72-CB15-4267-B68D-97B7D38685F6}.Debug|x86.ActiveCfg = Debug|x64
		{4F9DCD72-CB15-4267-B68D-97B7D38685F6}.Debug|x86.Build.0 = Debug|x64
		{4F9DCD72-CB15-4267-B68D-97B7D38685F6}.Release|Any CPU.ActiveCfg = Release|x64
		{4F9DCD72-CB15-4267-B68D-97B7D38685F6}.Release|x64.ActiveCfg = Release|x64
		{4F9DCD72-CB15-4267-B68D-97B7D38685F6}.Release|x64.Build.0 = Release|x64
		{4F9DCD72-CB15-4267-B68D-97B7D38685F6}.Release|x86.ActiveCfg = Release|x64
		{4F9DCD72-CB15-4267-B68D-97B7D38685F6}.Release|x86.Build.0 = Release|x64
		{8A8EE8BD-C917-4471-9B7A-3F23A6B432AA}.Debug|Any CPU.ActiveCfg = Debug|x64
		{8A8EE8BD-C917-4471-9B7A-3F23A6B432AA}.Debug|x64.ActiveCfg = Debug|x64
		{8A8EE8BD-C917-4471-9B7A-3F23A6B432AA}.Debug|x64.Build.0 = Debug|x64
		{8A8EE8BD-C917-4471-9B7A-3F23A6B432AA}.Debug|x86.ActiveCfg = Debug|x64
		{8A8EE8BD-C917-4471-9B7A-3F23A6B432AA}.Debug|x86.Build.0 = Debug|x64
		{8A8EE8BD-C917-4471-9B7A-3F23A6B432AA}.Release|Any CPU.ActiveCfg = Release|x64
		{8A8EE8BD-C917-4471-9B7A-3F23A6B432AA}.Release|x64.ActiveCfg = Release|x64
		{8A8EE8BD-C917-4471-9B7A-3F23A6B432AA}.Release|x64.Build.0 = Release|x64
		{8A8EE8BD-C917-4471-9B7A-3F23A6B432AA}.Release|x86.ActiveCfg = Release|x64
		{8A8EE8BD-C917-4471-9B7A-3F23A6B432AA}.Release|x86.Build.0 = Release|x64
		{9D04DBD5-E12E-44E0-A683-6F43F21D533B}.Debug|Any CPU.ActiveCfg = Debug|x64
		{9D04DBD5-E12E-44E0-A683-6F43F21D533B}.Debug|x64.ActiveCfg = Debug|x64
		{9D04DBD5-E12E-44E0-A683-6F43F21D533B}.Debug|x64.Build.0 = Debug|x64
		{9D04DBD5-E12E-44E0-A683-6F43F21D533B}.Debug|x86.ActiveCfg = Debug|x64
		{9D04DBD5-E12E-44E0-A683-6F43F21D533B}.Debug|x86.Build.0 = Debug|x64
		{9D04DBD5-E12E-44E0-A683-6F43F21D533B}.Release|Any CPU.ActiveCfg = Release|x64
		{9D04DBD5-E12E-44E0-A683-6F43F21D533B}.Release|x64.ActiveCfg = Release|x64
		{9D04DBD5-E12E-44E0-A683-6F43F21D533B}.Release|x64.Build.0 = Release|x64
		{9D04DBD5-E12E-44E0-A683-6F43F21D533B}.Release|x86.ActiveCfg = Release|x64
		{9D04DBD5-E12E-44E0-A683-6F43F21D533B}.Release|x86.Build.0 = Release|x64
		{D60A33FA-ED87-44A0-A395-B8F987A241A1}.Debug|Any CPU.ActiveCfg = Debug|x64
		{D60A33FA-ED87-44A0-A395-B8F987A241A1}.Debug|x64.ActiveCfg = Debug|x64
		{D60A33FA-ED87-44A0-A395-B8F987A241A1}.Debug|x64.Build.0 = Debug|x64
		{D60A33FA-ED87-44A0-A395-B8F987A241A1}.Debug|x86.ActiveCfg = Debug|x64
		{D60A33FA-ED87-44A0-A395-B8F987A241A1}.Debug|x86.Build.0 = Debug|x64
		{D60A33FA-ED87-44A0-A395-B8F987A241A1}.Release|Any CPU.ActiveCfg = Release|x64
		{D60A33FA-ED87-44A0-A395-B8F987A241A1}.Release|x64.ActiveCfg = Release|x64
		{D60A33FA-ED87-44A0-A395-B8F987A241A1}.Release|x64.Build.0 = Release|x64
		{D60A33FA-ED87-44A0-A395-B8F987A241A1}.Release|x86.ActiveCfg = Release|x64
		{D60A33FA-ED87-44A0-A395-B8F987A241A1}.Release|x86.Build.0 = Release|x64
		{EA26863D-C9A6-497A-9DD3-BBF42C995B52}.Debug|Any CPU.ActiveCfg = Debug|Any CPU
		{EA26863D-C9A6-497A-9DD3-BBF42C995B52}.Debug|Any CPU.Build.0 = Debug|Any CPU
		{EA26863D-C9A6-497A-9DD3-BBF42C995B52}.Debug|x64.ActiveCfg = Debug|Any CPU
		{EA26863D-C9A6-497A-9DD3-BBF42C995B52}.Debug|x64.Build.0 = Debug|Any CPU
		{EA26863D-C9A6-497A-9DD3-BBF42C995B52}.Debug|x86.ActiveCfg = Debug|Any CPU
		{EA26863D-C9A6-497A-9DD3-BBF42C995B52}.Debug|x86.Build.0 = Debug|Any CPU
		{EA26863D-C9A6-497A-9DD3-BBF42C995B52}.Release|Any CPU.ActiveCfg = Release|Any CPU
		{EA26863D-C9A6-497A-9DD3-BBF42C995B52}.Release|Any CPU.Build.0 = Release|Any CPU
		{EA26863D-C9A6-497A-9DD3-BBF42C995B52}.Release|x64.ActiveCfg = Release|Any CPU
		{EA26863D-C9A6-497A-9DD3-BBF42C995B52}.Release|x64.Build.0 = Release|Any CPU
		{EA26863D-C9A6-497A-9DD3-BBF42C995B52}.Release|x86.ActiveCfg = Release|Any CPU
		{EA26863D-C9A6-497A-9DD3-BBF42C995B52}.Release|x86.Build.0 = Release|Any CPU
		{E2B539B4-8755-4E6E-BAEA-87A6A4722E1E}.Debug|Any CPU.ActiveCfg = Debug|x64
		{E2B539B4-8755-4E6E-BAEA-87A6A4722E1E}.Debug|x64.ActiveCfg = Debug|x64
		{E2B539B4-8755-4E6E-BAEA-87A6A4722E1E}.Debug|x64.Build.0 = Debug|x64
		{E2B539B4-8755-4E6E-BAEA-87A6A4722E1E}.Debug|x86.ActiveCfg = Debug|x64
		{E2B539B4-8755-4E6E-BAEA-87A6A4722E1E}.Debug|x86.Build.0 = Debug|x64
		{E2B539B4-8755-4E6E-BAEA-87A6A4722E1E}.Release|Any CPU.ActiveCfg = Release|x64
		{E2B539B4-8755-4E6E-BAEA-87A6A4722E1E}.Release|x64.ActiveCfg = Release|x64
		{E2B539B4-8755-4E6E-BAEA-87A6A4722E1E}.Release|x64.Build.0 = Release|x64
		{E2B539B4-8755-4E6E-BAEA-87A6A4722E1E}.Release|x86.ActiveCfg = Release|x64
		{E2B539B4-8755-4E6E-BAEA-87A6A4722E1E}.Release|x86.Build.0 = Release|x64
		{5D65B10D-1F50-4D14-A518-221785D5E2A4}.Debug|Any CPU.ActiveCfg = Debug|x64
		{5D65B10D-1F50-4D14-A518-221785D5E2A4}.Debug|x64.ActiveCfg = Debug|x64
		{5D65B10D-1F50-4D14-A518-221785D5E2A4}.Debug|x64.Build.0 = Debug|x64
		{5D65B10D-1F50-4D14-A518-221785D5E2A4}.Debug|x86.ActiveCfg = Debug|x64
		{5D65B10D-1F50-4D14-A518-221785D5E2A4}.Debug|x86.Build.0 = Debug|x64
		{5D65B10D-1F50-4D14-A518-221785D5E2A4}.Release|Any CPU.ActiveCfg = Release|x64
		{5D65B10D-1F50-4D14-A518-221785D5E2A4}.Release|x64.ActiveCfg = Release|x64
		{5D65B10D-1F50-4D14-A518-221785D5E2A4}.Release|x64.Build.0 = Release|x64
		{5D65B10D-1F50-4D14-A518-221785D5E2A4}.Release|x86.ActiveCfg = Release|x64
		{5D65B10D-1F50-4D14-A518-221785D5E2A4}.Release|x86.Build.0 = Release|x64
		{815CA790-E189-4E07-B9A7-CE5682473794}.Debug|Any CPU.ActiveCfg = Debug|x64
		{815CA790-E189-4E07-B9A7-CE5682473794}.Debug|x64.ActiveCfg = Debug|x64
		{815CA790-E189-4E07-B9A7-CE5682473794}.Debug|x64.Build.0 = Debug|x64
		{815CA790-E189-4E07-B9A7-CE5682473794}.Debug|x86.ActiveCfg = Debug|x64
		{815CA790-E189-4E07-B9A7-CE5682473794}.Debug|x86.Build.0 = Debug|x64
		{815CA790-E189-4E07-B9A7-CE5682473794}.Release|Any CPU.ActiveCfg = Release|x64
		{815CA790-E189-4E07-B9A7-CE5682473794}.Release|x64.ActiveCfg = Release|x64
		{815CA790-E189-4E07-B9A7-CE5682473794}.Release|x64.Build.0 = Release|x64
		{815CA790-E189-4E07-B9A7-CE5682473794}.Release|x86.ActiveCfg = Release|x64
		{815CA790-E189-4E07-B9A7-CE5682473794}.Release|x86.Build.0 = Release|x64
		{D38C08DE-372B-4F55-B639-8F417E0691DD}.Debug|Any CPU.ActiveCfg = Debug|x64
		{D38C08DE-372B-4F55-B639-8F417E0691DD}.Debug|Any CPU.Build.0 = Debug|x64
		{D38C08DE-372B-4F55-B639-8F417E0691DD}.Debug|x64.ActiveCfg = Debug|x64
		{D38C08DE-372B-4F55-B639-8F417E0691DD}.Debug|x64.Build.0 = Debug|x64
		{D38C08DE-372B-4F55-B639-8F417E0691DD}.Debug|x86.ActiveCfg = Debug|x64
		{D38C08DE-372B-4F55-B639-8F417E0691DD}.Debug|x86.Build.0 = Debug|x64
		{D38C08DE-372B-4F55-B639-8F417E0691DD}.Release|Any CPU.ActiveCfg = Release|x64
		{D38C08DE-372B-4F55-B639-8F417E0691DD}.Release|Any CPU.Build.0 = Release|x64
		{D38C08DE-372B-4F55-B639-8F417E0691DD}.Release|x64.ActiveCfg = Release|x64
		{D38C08DE-372B-4F55-B639-8F417E0691DD}.Release|x64.Build.0 = Release|x64
		{D38C08DE-372B-4F55-B639-8F417E0691DD}.Release|x86.ActiveCfg = Release|x64
		{D38C08DE-372B-4F55-B639-8F417E0691DD}.Release|x86.Build.0 = Release|x64
		{06677414-7E0E-49A9-83B8-DC6C2FAF0F27}.Debug|Any CPU.ActiveCfg = Debug|x64
		{06677414-7E0E-49A9-83B8-DC6C2FAF0F27}.Debug|Any CPU.Build.0 = Debug|x64
		{06677414-7E0E-49A9-83B8-DC6C2FAF0F27}.Debug|x64.ActiveCfg = Debug|x64
		{06677414-7E0E-49A9-83B8-DC6C2FAF0F27}.Debug|x64.Build.0 = Debug|x64
		{06677414-7E0E-49A9-83B8-DC6C2FAF0F27}.Debug|x86.ActiveCfg = Debug|x64
		{06677414-7E0E-49A9-83B8-DC6C2FAF0F27}.Debug|x86.Build.0 = Debug|x64
		{06677414-7E0E-49A9-83B8-DC6C2FAF0F27}.Release|Any CPU.ActiveCfg = Release|x64
		{06677414-7E0E-49A9-83B8-DC6C2FAF0F27}.Release|Any CPU.Build.0 = Release|x64
		{06677414-7E0E-49A9-83B8-DC6C2FAF0F27}.Release|x64.ActiveCfg = Release|x64
		{06677414-7E0E-49A9-83B8-DC6C2FAF0F27}.Release|x64.Build.0 = Release|x64
		{06677414-7E0E-49A9-83B8-DC6C2FAF0F27}.Release|x86.ActiveCfg = Release|x64
		{06677414-7E0E-49A9-83B8-DC6C2FAF0F27}.Release|x86.Build.0 = Release|x64
		{1658528C-598E-438A-AC72-75E16A47CBF4}.Debug|Any CPU.ActiveCfg = Debug|x64
		{1658528C-598E-438A-AC72-75E16A47CBF4}.Debug|Any CPU.Build.0 = Debug|x64
		{1658528C-598E-438A-AC72-75E16A47CBF4}.Debug|x64.ActiveCfg = Debug|x64
		{1658528C-598E-438A-AC72-75E16A47CBF4}.Debug|x64.Build.0 = Debug|x64
		{1658528C-598E-438A-AC72-75E16A47CBF4}.Debug|x86.ActiveCfg = Debug|x64
		{1658528C-598E-438A-AC72-75E16A47CBF4}.Debug|x86.Build.0 = Debug|x64
		{1658528C-598E-438A-AC72-75E16A47CBF4}.Release|Any CPU.ActiveCfg = Release|x64
		{1658528C-598E-438A-AC72-75E16A47CBF4}.Release|Any CPU.Build.0 = Release|x64
		{1658528C-598E-438A-AC72-75E16A47CBF4}.Release|x64.ActiveCfg = Release|x64
		{1658528C-598E-438A-AC72-75E16A47CBF4}.Release|x64.Build.0 = Release|x64
		{1658528C-598E-438A-AC72-75E16A47CBF4}.Release|x86.ActiveCfg = Release|x64
		{1658528C-598E-438A-AC72-75E16A47CBF4}.Release|x86.Build.0 = Release|x64
		{5803A0C3-085A-43BF-8586-873F6690D087}.Debug|Any CPU.ActiveCfg = Debug|x64
		{5803A0C3-085A-43BF-8586-873F6690D087}.Debug|Any CPU.Build.0 = Debug|x64
		{5803A0C3-085A-43BF-8586-873F6690D087}.Debug|x64.ActiveCfg = Debug|x64
		{5803A0C3-085A-43BF-8586-873F6690D087}.Debug|x64.Build.0 = Debug|x64
		{5803A0C3-085A-43BF-8586-873F6690D087}.Debug|x86.ActiveCfg = Debug|x64
		{5803A0C3-085A-43BF-8586-873F6690D087}.Debug|x86.Build.0 = Debug|x64
		{5803A0C3-085A-43BF-8586-873F6690D087}.Release|Any CPU.ActiveCfg = Release|x64
		{5803A0C3-085A-43BF-8586-873F6690D087}.Release|Any CPU.Build.0 = Release|x64
		{5803A0C3-085A-43BF-8586-873F6690D087}.Release|x64.ActiveCfg = Release|x64
		{5803A0C3-085A-43BF-8586-873F6690D087}.Release|x64.Build.0 = Release|x64
		{5803A0C3-085A-43BF-8586-873F6690D087}.Release|x86.ActiveCfg = Release|x64
		{5803A0C3-085A-43BF-8586-873F6690D087}.Release|x86.Build.0 = Release|x64
		{BC4BF090-66B0-4C25-944E-15C19D2A3D02}.Debug|Any CPU.ActiveCfg = Debug|Any CPU
		{BC4BF090-66B0-4C25-944E-15C19D2A3D02}.Debug|Any CPU.Build.0 = Debug|Any CPU
		{BC4BF090-66B0-4C25-944E-15C19D2A3D02}.Debug|x64.ActiveCfg = Debug|Any CPU
		{BC4BF090-66B0-4C25-944E-15C19D2A3D02}.Debug|x64.Build.0 = Debug|Any CPU
		{BC4BF090-66B0-4C25-944E-15C19D2A3D02}.Debug|x86.ActiveCfg = Debug|Any CPU
		{BC4BF090-66B0-4C25-944E-15C19D2A3D02}.Debug|x86.Build.0 = Debug|Any CPU
		{BC4BF090-66B0-4C25-944E-15C19D2A3D02}.Release|Any CPU.ActiveCfg = Release|Any CPU
		{BC4BF090-66B0-4C25-944E-15C19D2A3D02}.Release|Any CPU.Build.0 = Release|Any CPU
		{BC4BF090-66B0-4C25-944E-15C19D2A3D02}.Release|x64.ActiveCfg = Release|Any CPU
		{BC4BF090-66B0-4C25-944E-15C19D2A3D02}.Release|x64.Build.0 = Release|Any CPU
		{BC4BF090-66B0-4C25-944E-15C19D2A3D02}.Release|x86.ActiveCfg = Release|Any CPU
		{BC4BF090-66B0-4C25-944E-15C19D2A3D02}.Release|x86.Build.0 = Release|Any CPU
		{9E97D6E8-AFCB-4DCA-B42E-7FEB05F4BE40}.Debug|Any CPU.ActiveCfg = Debug|Any CPU
		{9E97D6E8-AFCB-4DCA-B42E-7FEB05F4BE40}.Debug|Any CPU.Build.0 = Debug|Any CPU
		{9E97D6E8-AFCB-4DCA-B42E-7FEB05F4BE40}.Debug|x64.ActiveCfg = Debug|Any CPU
		{9E97D6E8-AFCB-4DCA-B42E-7FEB05F4BE40}.Debug|x64.Build.0 = Debug|Any CPU
		{9E97D6E8-AFCB-4DCA-B42E-7FEB05F4BE40}.Debug|x86.ActiveCfg = Debug|Any CPU
		{9E97D6E8-AFCB-4DCA-B42E-7FEB05F4BE40}.Debug|x86.Build.0 = Debug|Any CPU
		{9E97D6E8-AFCB-4DCA-B42E-7FEB05F4BE40}.Release|Any CPU.ActiveCfg = Release|Any CPU
		{9E97D6E8-AFCB-4DCA-B42E-7FEB05F4BE40}.Release|Any CPU.Build.0 = Release|Any CPU
		{9E97D6E8-AFCB-4DCA-B42E-7FEB05F4BE40}.Release|x64.ActiveCfg = Release|Any CPU
		{9E97D6E8-AFCB-4DCA-B42E-7FEB05F4BE40}.Release|x64.Build.0 = Release|Any CPU
		{9E97D6E8-AFCB-4DCA-B42E-7FEB05F4BE40}.Release|x86.ActiveCfg = Release|Any CPU
		{9E97D6E8-AFCB-4DCA-B42E-7FEB05F4BE40}.Release|x86.Build.0 = Release|Any CPU
		{9EE9F966-EC4D-470E-8DBD-1E8BF67EADB5}.Debug|Any CPU.ActiveCfg = Debug|Any CPU
		{9EE9F966-EC4D-470E-8DBD-1E8BF67EADB5}.Debug|Any CPU.Build.0 = Debug|Any CPU
		{9EE9F966-EC4D-470E-8DBD-1E8BF67EADB5}.Debug|x64.ActiveCfg = Debug|Any CPU
		{9EE9F966-EC4D-470E-8DBD-1E8BF67EADB5}.Debug|x64.Build.0 = Debug|Any CPU
		{9EE9F966-EC4D-470E-8DBD-1E8BF67EADB5}.Debug|x86.ActiveCfg = Debug|Any CPU
		{9EE9F966-EC4D-470E-8DBD-1E8BF67EADB5}.Debug|x86.Build.0 = Debug|Any CPU
		{9EE9F966-EC4D-470E-8DBD-1E8BF67EADB5}.Release|Any CPU.ActiveCfg = Release|Any CPU
		{9EE9F966-EC4D-470E-8DBD-1E8BF67EADB5}.Release|Any CPU.Build.0 = Release|Any CPU
		{9EE9F966-EC4D-470E-8DBD-1E8BF67EADB5}.Release|x64.ActiveCfg = Release|Any CPU
		{9EE9F966-EC4D-470E-8DBD-1E8BF67EADB5}.Release|x64.Build.0 = Release|Any CPU
		{9EE9F966-EC4D-470E-8DBD-1E8BF67EADB5}.Release|x86.ActiveCfg = Release|Any CPU
		{9EE9F966-EC4D-470E-8DBD-1E8BF67EADB5}.Release|x86.Build.0 = Release|Any CPU
		{0E64BB46-5773-490F-ADDB-7F0E8E76C15C}.Debug|Any CPU.ActiveCfg = Debug|Any CPU
		{0E64BB46-5773-490F-ADDB-7F0E8E76C15C}.Debug|Any CPU.Build.0 = Debug|Any CPU
		{0E64BB46-5773-490F-ADDB-7F0E8E76C15C}.Debug|x64.ActiveCfg = Debug|Any CPU
		{0E64BB46-5773-490F-ADDB-7F0E8E76C15C}.Debug|x64.Build.0 = Debug|Any CPU
		{0E64BB46-5773-490F-ADDB-7F0E8E76C15C}.Debug|x86.ActiveCfg = Debug|Any CPU
		{0E64BB46-5773-490F-ADDB-7F0E8E76C15C}.Debug|x86.Build.0 = Debug|Any CPU
		{0E64BB46-5773-490F-ADDB-7F0E8E76C15C}.Release|Any CPU.ActiveCfg = Release|Any CPU
		{0E64BB46-5773-490F-ADDB-7F0E8E76C15C}.Release|Any CPU.Build.0 = Release|Any CPU
		{0E64BB46-5773-490F-ADDB-7F0E8E76C15C}.Release|x64.ActiveCfg = Release|Any CPU
		{0E64BB46-5773-490F-ADDB-7F0E8E76C15C}.Release|x64.Build.0 = Release|Any CPU
		{0E64BB46-5773-490F-ADDB-7F0E8E76C15C}.Release|x86.ActiveCfg = Release|Any CPU
		{0E64BB46-5773-490F-ADDB-7F0E8E76C15C}.Release|x86.Build.0 = Release|Any CPU
		{E7E9609D-19EA-4F5C-B740-E4C668DCFA95}.Debug|Any CPU.ActiveCfg = Debug|x64
		{E7E9609D-19EA-4F5C-B740-E4C668DCFA95}.Debug|Any CPU.Build.0 = Debug|x64
		{E7E9609D-19EA-4F5C-B740-E4C668DCFA95}.Debug|x64.ActiveCfg = Debug|x64
		{E7E9609D-19EA-4F5C-B740-E4C668DCFA95}.Debug|x64.Build.0 = Debug|x64
		{E7E9609D-19EA-4F5C-B740-E4C668DCFA95}.Debug|x86.ActiveCfg = Debug|x64
		{E7E9609D-19EA-4F5C-B740-E4C668DCFA95}.Debug|x86.Build.0 = Debug|x64
		{E7E9609D-19EA-4F5C-B740-E4C668DCFA95}.Release|Any CPU.ActiveCfg = Release|x64
		{E7E9609D-19EA-4F5C-B740-E4C668DCFA95}.Release|Any CPU.Build.0 = Release|x64
		{E7E9609D-19EA-4F5C-B740-E4C668DCFA95}.Release|x64.ActiveCfg = Release|x64
		{E7E9609D-19EA-4F5C-B740-E4C668DCFA95}.Release|x64.Build.0 = Release|x64
		{E7E9609D-19EA-4F5C-B740-E4C668DCFA95}.Release|x86.ActiveCfg = Release|x64
		{E7E9609D-19EA-4F5C-B740-E4C668DCFA95}.Release|x86.Build.0 = Release|x64
		{82EECC92-2C7B-4BE8-AC76-4B4E383F7AB8}.Debug|Any CPU.ActiveCfg = Debug|Any CPU
		{82EECC92-2C7B-4BE8-AC76-4B4E383F7AB8}.Debug|Any CPU.Build.0 = Debug|Any CPU
		{82EECC92-2C7B-4BE8-AC76-4B4E383F7AB8}.Debug|x64.ActiveCfg = Debug|Any CPU
		{82EECC92-2C7B-4BE8-AC76-4B4E383F7AB8}.Debug|x64.Build.0 = Debug|Any CPU
		{82EECC92-2C7B-4BE8-AC76-4B4E383F7AB8}.Debug|x86.ActiveCfg = Debug|Any CPU
		{82EECC92-2C7B-4BE8-AC76-4B4E383F7AB8}.Debug|x86.Build.0 = Debug|Any CPU
		{82EECC92-2C7B-4BE8-AC76-4B4E383F7AB8}.Release|Any CPU.ActiveCfg = Release|Any CPU
		{82EECC92-2C7B-4BE8-AC76-4B4E383F7AB8}.Release|Any CPU.Build.0 = Release|Any CPU
		{82EECC92-2C7B-4BE8-AC76-4B4E383F7AB8}.Release|x64.ActiveCfg = Release|Any CPU
		{82EECC92-2C7B-4BE8-AC76-4B4E383F7AB8}.Release|x64.Build.0 = Release|Any CPU
		{82EECC92-2C7B-4BE8-AC76-4B4E383F7AB8}.Release|x86.ActiveCfg = Release|Any CPU
		{82EECC92-2C7B-4BE8-AC76-4B4E383F7AB8}.Release|x86.Build.0 = Release|Any CPU
		{4099EE18-E101-4EB2-BFC7-E9D4BD08DD86}.Debug|Any CPU.ActiveCfg = Debug|x64
		{4099EE18-E101-4EB2-BFC7-E9D4BD08DD86}.Debug|Any CPU.Build.0 = Debug|x64
		{4099EE18-E101-4EB2-BFC7-E9D4BD08DD86}.Debug|x64.ActiveCfg = Debug|x64
		{4099EE18-E101-4EB2-BFC7-E9D4BD08DD86}.Debug|x64.Build.0 = Debug|x64
		{4099EE18-E101-4EB2-BFC7-E9D4BD08DD86}.Debug|x86.ActiveCfg = Debug|Win32
		{4099EE18-E101-4EB2-BFC7-E9D4BD08DD86}.Debug|x86.Build.0 = Debug|Win32
		{4099EE18-E101-4EB2-BFC7-E9D4BD08DD86}.Release|Any CPU.ActiveCfg = Release|x64
		{4099EE18-E101-4EB2-BFC7-E9D4BD08DD86}.Release|Any CPU.Build.0 = Release|x64
		{4099EE18-E101-4EB2-BFC7-E9D4BD08DD86}.Release|x64.ActiveCfg = Release|x64
		{4099EE18-E101-4EB2-BFC7-E9D4BD08DD86}.Release|x64.Build.0 = Release|x64
		{4099EE18-E101-4EB2-BFC7-E9D4BD08DD86}.Release|x86.ActiveCfg = Release|Win32
		{4099EE18-E101-4EB2-BFC7-E9D4BD08DD86}.Release|x86.Build.0 = Release|Win32
	EndGlobalSection
	GlobalSection(SolutionProperties) = preSolution
		HideSolutionNode = FALSE
	EndGlobalSection
	GlobalSection(ExtensibilityGlobals) = postSolution
		SolutionGuid = {6202CE11-9E68-4A75-8292-7B7877881192}
	EndGlobalSection
EndGlobal
