
Microsoft Visual Studio Solution File, Format Version 12.00
# Visual Studio 15
VisualStudioVersion = 15.0.28010.2026
MinimumVisualStudioVersion = 10.0.40219.1
Project("{FAE04EC0-301F-11D3-BF4B-00C04F79EFBC}") = "FontGenerator", "GisephoneFonts\FontGenerator\FontGenerator.csproj", "{1658528C-598E-438A-AC72-75E16A47CBF4}"
EndProject
Project("{8BC9CEB8-8B4A-11D0-8D11-00A0C91BC942}") = "WindowFontAPI", "GisephoneFonts\WindowFontAPI\WindowFontAPI.vcxproj", "{6D76C0BE-96B8-4C1F-8B7A-FEBAB295AE96}"
EndProject
Project("{8BC9CEB8-8B4A-11D0-8D11-00A0C91BC942}") = "rococo.fonts", "rococo.fonts\fonts.vcxproj", "{31024025-C99F-45A4-A4EA-BCEB32794477}"
EndProject
Global
	GlobalSection(SolutionConfigurationPlatforms) = preSolution
		Debug|x64 = Debug|x64
		Release|x64 = Release|x64
	EndGlobalSection
	GlobalSection(ProjectConfigurationPlatforms) = postSolution
		{1658528C-598E-438A-AC72-75E16A47CBF4}.Debug|x64.ActiveCfg = Debug|x64
		{1658528C-598E-438A-AC72-75E16A47CBF4}.Debug|x64.Build.0 = Debug|x64
		{1658528C-598E-438A-AC72-75E16A47CBF4}.Release|x64.ActiveCfg = Release|x64
		{1658528C-598E-438A-AC72-75E16A47CBF4}.Release|x64.Build.0 = Release|x64
		{6D76C0BE-96B8-4C1F-8B7A-FEBAB295AE96}.Debug|x64.ActiveCfg = Debug|x64
		{6D76C0BE-96B8-4C1F-8B7A-FEBAB295AE96}.Debug|x64.Build.0 = Debug|x64
		{6D76C0BE-96B8-4C1F-8B7A-FEBAB295AE96}.Release|x64.ActiveCfg = Release|x64
		{6D76C0BE-96B8-4C1F-8B7A-FEBAB295AE96}.Release|x64.Build.0 = Release|x64
		{31024025-C99F-45A4-A4EA-BCEB32794477}.Debug|x64.ActiveCfg = Debug|x64
		{31024025-C99F-45A4-A4EA-BCEB32794477}.Debug|x64.Build.0 = Debug|x64
		{31024025-C99F-45A4-A4EA-BCEB32794477}.Release|x64.ActiveCfg = Release|x64
		{31024025-C99F-45A4-A4EA-BCEB32794477}.Release|x64.Build.0 = Release|x64
	EndGlobalSection
	GlobalSection(SolutionProperties) = preSolution
		HideSolutionNode = FALSE
	EndGlobalSection
	GlobalSection(ExtensibilityGlobals) = postSolution
		SolutionGuid = {DFC987BB-3EEE-4908-A49F-D68426E659AC}
	EndGlobalSection
EndGlobal
