
Microsoft Visual Studio Solution File, Format Version 12.00
# Visual Studio 14
VisualStudioVersion = 14.0.25420.1
MinimumVisualStudioVersion = 10.0.40219.1
Project("{8BC9CEB8-8B4A-11D0-8D11-00A0C91BC942}") = "rococo.windows", "rococo.windows\rococo.windows.vcxproj", "{997A007C-24B0-44FE-A27E-0EE006D74128}"
	ProjectSection(ProjectDependencies) = postProject
		{D8D43712-8A89-4A92-A5E3-C1DA2EDA759D} = {D8D43712-8A89-4A92-A5E3-C1DA2EDA759D}
	EndProjectSection
EndProject
Project("{8BC9CEB8-8B4A-11D0-8D11-00A0C91BC942}") = "window.test", "window.test\window.test.vcxproj", "{039F8FD0-0C62-46D0-AC97-F16177E33272}"
	ProjectSection(ProjectDependencies) = postProject
		{D8D43712-8A89-4A92-A5E3-C1DA2EDA759D} = {D8D43712-8A89-4A92-A5E3-C1DA2EDA759D}
		{997A007C-24B0-44FE-A27E-0EE006D74128} = {997A007C-24B0-44FE-A27E-0EE006D74128}
	EndProjectSection
EndProject
Project("{8BC9CEB8-8B4A-11D0-8D11-00A0C91BC942}") = "rococo.fonts", "rococo.fonts\fonts.vcxproj", "{31024025-C99F-45A4-A4EA-BCEB32794477}"
	ProjectSection(ProjectDependencies) = postProject
		{D8D43712-8A89-4A92-A5E3-C1DA2EDA759D} = {D8D43712-8A89-4A92-A5E3-C1DA2EDA759D}
	EndProjectSection
EndProject
Project("{8BC9CEB8-8B4A-11D0-8D11-00A0C91BC942}") = "dx11.renderer", "dx11.renderer\dx11.renderer.vcxproj", "{151FC7F0-2D21-40F1-AD39-AEED3924CCC3}"
	ProjectSection(ProjectDependencies) = postProject
		{D8D43712-8A89-4A92-A5E3-C1DA2EDA759D} = {D8D43712-8A89-4A92-A5E3-C1DA2EDA759D}
		{31024025-C99F-45A4-A4EA-BCEB32794477} = {31024025-C99F-45A4-A4EA-BCEB32794477}
		{0C635B64-083B-4490-9100-BDB4A4CA6941} = {0C635B64-083B-4490-9100-BDB4A4CA6941}
		{426AEC64-C529-4ADF-9A49-B4E7A3D6C710} = {426AEC64-C529-4ADF-9A49-B4E7A3D6C710}
		{997A007C-24B0-44FE-A27E-0EE006D74128} = {997A007C-24B0-44FE-A27E-0EE006D74128}
	EndProjectSection
EndProject
Project("{8BC9CEB8-8B4A-11D0-8D11-00A0C91BC942}") = "rococo.os.win32", "rococo.os.win32\rococo.os.win32.vcxproj", "{0C635B64-083B-4490-9100-BDB4A4CA6941}"
EndProject
Project("{8BC9CEB8-8B4A-11D0-8D11-00A0C91BC942}") = "rococo.maths", "rococo.maths\rococo.maths.vcxproj", "{426AEC64-C529-4ADF-9A49-B4E7A3D6C710}"
EndProject
Project("{8BC9CEB8-8B4A-11D0-8D11-00A0C91BC942}") = "rococo.maths.test", "rococo.maths.test\rococo.maths.test.vcxproj", "{9A70BF9A-D77A-4934-86AE-A429A25CB2C2}"
	ProjectSection(ProjectDependencies) = postProject
		{D8D43712-8A89-4A92-A5E3-C1DA2EDA759D} = {D8D43712-8A89-4A92-A5E3-C1DA2EDA759D}
		{0C635B64-083B-4490-9100-BDB4A4CA6941} = {0C635B64-083B-4490-9100-BDB4A4CA6941}
		{426AEC64-C529-4ADF-9A49-B4E7A3D6C710} = {426AEC64-C529-4ADF-9A49-B4E7A3D6C710}
	EndProjectSection
EndProject
Project("{8BC9CEB8-8B4A-11D0-8D11-00A0C91BC942}") = "rococo.util", "rococo.util\rococo.util.vcxproj", "{D8D43712-8A89-4A92-A5E3-C1DA2EDA759D}"
EndProject
Project("{2150E333-8FDC-42A3-9474-1A3956D46DE8}") = "Content", "Content", "{BF615B7F-43F1-42AC-AC74-C0600CA01BF6}"
	ProjectSection(SolutionItems) = preProject
		content\scripts\hv\controls.sxy = content\scripts\hv\controls.sxy
		content\scripts\dystopia.sxh.sxy = content\scripts\dystopia.sxh.sxy
		content\scripts\hv\keys.sxy = content\scripts\hv\keys.sxy
		content\levels\level1.sxy = content\levels\level1.sxy
		content\scripts\hv\main.sxy = content\scripts\hv\main.sxy
	EndProjectSection
EndProject
Project("{8BC9CEB8-8B4A-11D0-8D11-00A0C91BC942}") = "rococo.sexy.ide", "rococo.sexy.ide\rococo.sexy.ide.vcxproj", "{B9B1C849-B75F-4C56-AD56-01D36F3FDA05}"
	ProjectSection(ProjectDependencies) = postProject
		{997A007C-24B0-44FE-A27E-0EE006D74128} = {997A007C-24B0-44FE-A27E-0EE006D74128}
	EndProjectSection
EndProject
Project("{8BC9CEB8-8B4A-11D0-8D11-00A0C91BC942}") = "rococo.widgets", "rococo.widgets\rococo.widgets.vcxproj", "{673E7B16-B3C8-48D9-915B-A8E82900691C}"
	ProjectSection(ProjectDependencies) = postProject
		{D8D43712-8A89-4A92-A5E3-C1DA2EDA759D} = {D8D43712-8A89-4A92-A5E3-C1DA2EDA759D}
	EndProjectSection
EndProject
Project("{8BC9CEB8-8B4A-11D0-8D11-00A0C91BC942}") = "hyperverse", "hyperverse\hyperverse.vcxproj", "{E98664C0-72C3-4E38-BACD-444DF2288DC9}"
	ProjectSection(ProjectDependencies) = postProject
		{D8D43712-8A89-4A92-A5E3-C1DA2EDA759D} = {D8D43712-8A89-4A92-A5E3-C1DA2EDA759D}
		{673E7B16-B3C8-48D9-915B-A8E82900691C} = {673E7B16-B3C8-48D9-915B-A8E82900691C}
		{31024025-C99F-45A4-A4EA-BCEB32794477} = {31024025-C99F-45A4-A4EA-BCEB32794477}
		{B9B1C849-B75F-4C56-AD56-01D36F3FDA05} = {B9B1C849-B75F-4C56-AD56-01D36F3FDA05}
		{0C635B64-083B-4490-9100-BDB4A4CA6941} = {0C635B64-083B-4490-9100-BDB4A4CA6941}
		{426AEC64-C529-4ADF-9A49-B4E7A3D6C710} = {426AEC64-C529-4ADF-9A49-B4E7A3D6C710}
		{997A007C-24B0-44FE-A27E-0EE006D74128} = {997A007C-24B0-44FE-A27E-0EE006D74128}
		{151FC7F0-2D21-40F1-AD39-AEED3924CCC3} = {151FC7F0-2D21-40F1-AD39-AEED3924CCC3}
		{FE3BADFF-A200-4389-BD90-D3A058834C4F} = {FE3BADFF-A200-4389-BD90-D3A058834C4F}
	EndProjectSection
EndProject
Project("{8BC9CEB8-8B4A-11D0-8D11-00A0C91BC942}") = "rococo.sexy.mathsex", "rococo.sexy.mathsex\rococo.sexy.mathsex.vcxproj", "{FE3BADFF-A200-4389-BD90-D3A058834C4F}"
	ProjectSection(ProjectDependencies) = postProject
		{D8D43712-8A89-4A92-A5E3-C1DA2EDA759D} = {D8D43712-8A89-4A92-A5E3-C1DA2EDA759D}
		{0C635B64-083B-4490-9100-BDB4A4CA6941} = {0C635B64-083B-4490-9100-BDB4A4CA6941}
		{426AEC64-C529-4ADF-9A49-B4E7A3D6C710} = {426AEC64-C529-4ADF-9A49-B4E7A3D6C710}
	EndProjectSection
EndProject
Project("{8BC9CEB8-8B4A-11D0-8D11-00A0C91BC942}") = "rococo.bitmaps.test", "rococo.bitmaps.test\rococo.bitmaps.test.vcxproj", "{DA92A077-ACED-4652-A3A1-254E54ECD996}"
EndProject
Project("{8BC9CEB8-8B4A-11D0-8D11-00A0C91BC942}") = "rococo.jpg", "libjpg\libjpg.vcxproj", "{9F1F74CF-CF2A-4E7F-8073-756C85F2E7A7}"
EndProject
Project("{8BC9CEB8-8B4A-11D0-8D11-00A0C91BC942}") = "rococo.tiff", "libtiff\bloke.tiff\bloke.tiff.vcxproj", "{2AF865A5-02B2-4B64-9F89-E03E8CB9C933}"
EndProject
Project("{2150E333-8FDC-42A3-9474-1A3956D46DE8}") = "Solution Items", "Solution Items", "{89538331-3716-4F62-8CAA-CF6A73F08E23}"
EndProject
Global
	GlobalSection(SolutionConfigurationPlatforms) = preSolution
		Debug|x64 = Debug|x64
		Debug|x86 = Debug|x86
		Release|x64 = Release|x64
		Release|x86 = Release|x86
	EndGlobalSection
	GlobalSection(ProjectConfigurationPlatforms) = postSolution
		{997A007C-24B0-44FE-A27E-0EE006D74128}.Debug|x64.ActiveCfg = Debug|x64
		{997A007C-24B0-44FE-A27E-0EE006D74128}.Debug|x64.Build.0 = Debug|x64
		{997A007C-24B0-44FE-A27E-0EE006D74128}.Debug|x86.ActiveCfg = Debug|x64
		{997A007C-24B0-44FE-A27E-0EE006D74128}.Release|x64.ActiveCfg = Release|x64
		{997A007C-24B0-44FE-A27E-0EE006D74128}.Release|x64.Build.0 = Release|x64
		{997A007C-24B0-44FE-A27E-0EE006D74128}.Release|x86.ActiveCfg = Release|x64
		{039F8FD0-0C62-46D0-AC97-F16177E33272}.Debug|x64.ActiveCfg = Debug|x64
		{039F8FD0-0C62-46D0-AC97-F16177E33272}.Debug|x64.Build.0 = Debug|x64
		{039F8FD0-0C62-46D0-AC97-F16177E33272}.Debug|x86.ActiveCfg = Debug|x64
		{039F8FD0-0C62-46D0-AC97-F16177E33272}.Release|x64.ActiveCfg = Release|x64
		{039F8FD0-0C62-46D0-AC97-F16177E33272}.Release|x64.Build.0 = Release|x64
		{039F8FD0-0C62-46D0-AC97-F16177E33272}.Release|x86.ActiveCfg = Release|x64
		{31024025-C99F-45A4-A4EA-BCEB32794477}.Debug|x64.ActiveCfg = Debug|x64
		{31024025-C99F-45A4-A4EA-BCEB32794477}.Debug|x64.Build.0 = Debug|x64
		{31024025-C99F-45A4-A4EA-BCEB32794477}.Debug|x86.ActiveCfg = Debug|x64
		{31024025-C99F-45A4-A4EA-BCEB32794477}.Release|x64.ActiveCfg = Release|x64
		{31024025-C99F-45A4-A4EA-BCEB32794477}.Release|x64.Build.0 = Release|x64
		{31024025-C99F-45A4-A4EA-BCEB32794477}.Release|x86.ActiveCfg = Release|x64
		{151FC7F0-2D21-40F1-AD39-AEED3924CCC3}.Debug|x64.ActiveCfg = Debug|x64
		{151FC7F0-2D21-40F1-AD39-AEED3924CCC3}.Debug|x64.Build.0 = Debug|x64
		{151FC7F0-2D21-40F1-AD39-AEED3924CCC3}.Debug|x86.ActiveCfg = Debug|x64
		{151FC7F0-2D21-40F1-AD39-AEED3924CCC3}.Release|x64.ActiveCfg = Release|x64
		{151FC7F0-2D21-40F1-AD39-AEED3924CCC3}.Release|x64.Build.0 = Release|x64
		{151FC7F0-2D21-40F1-AD39-AEED3924CCC3}.Release|x86.ActiveCfg = Release|x64
		{0C635B64-083B-4490-9100-BDB4A4CA6941}.Debug|x64.ActiveCfg = Debug|x64
		{0C635B64-083B-4490-9100-BDB4A4CA6941}.Debug|x64.Build.0 = Debug|x64
		{0C635B64-083B-4490-9100-BDB4A4CA6941}.Debug|x86.ActiveCfg = Debug|Win32
		{0C635B64-083B-4490-9100-BDB4A4CA6941}.Debug|x86.Build.0 = Debug|Win32
		{0C635B64-083B-4490-9100-BDB4A4CA6941}.Release|x64.ActiveCfg = Release|x64
		{0C635B64-083B-4490-9100-BDB4A4CA6941}.Release|x64.Build.0 = Release|x64
		{0C635B64-083B-4490-9100-BDB4A4CA6941}.Release|x86.ActiveCfg = Release|Win32
		{0C635B64-083B-4490-9100-BDB4A4CA6941}.Release|x86.Build.0 = Release|Win32
		{426AEC64-C529-4ADF-9A49-B4E7A3D6C710}.Debug|x64.ActiveCfg = Debug|x64
		{426AEC64-C529-4ADF-9A49-B4E7A3D6C710}.Debug|x64.Build.0 = Debug|x64
		{426AEC64-C529-4ADF-9A49-B4E7A3D6C710}.Debug|x86.ActiveCfg = Debug|Win32
		{426AEC64-C529-4ADF-9A49-B4E7A3D6C710}.Debug|x86.Build.0 = Debug|Win32
		{426AEC64-C529-4ADF-9A49-B4E7A3D6C710}.Release|x64.ActiveCfg = Release|x64
		{426AEC64-C529-4ADF-9A49-B4E7A3D6C710}.Release|x64.Build.0 = Release|x64
		{426AEC64-C529-4ADF-9A49-B4E7A3D6C710}.Release|x86.ActiveCfg = Release|Win32
		{426AEC64-C529-4ADF-9A49-B4E7A3D6C710}.Release|x86.Build.0 = Release|Win32
		{9A70BF9A-D77A-4934-86AE-A429A25CB2C2}.Debug|x64.ActiveCfg = Debug|x64
		{9A70BF9A-D77A-4934-86AE-A429A25CB2C2}.Debug|x64.Build.0 = Debug|x64
		{9A70BF9A-D77A-4934-86AE-A429A25CB2C2}.Debug|x86.ActiveCfg = Debug|Win32
		{9A70BF9A-D77A-4934-86AE-A429A25CB2C2}.Debug|x86.Build.0 = Debug|Win32
		{9A70BF9A-D77A-4934-86AE-A429A25CB2C2}.Release|x64.ActiveCfg = Release|x64
		{9A70BF9A-D77A-4934-86AE-A429A25CB2C2}.Release|x64.Build.0 = Release|x64
		{9A70BF9A-D77A-4934-86AE-A429A25CB2C2}.Release|x86.ActiveCfg = Release|Win32
		{9A70BF9A-D77A-4934-86AE-A429A25CB2C2}.Release|x86.Build.0 = Release|Win32
		{D8D43712-8A89-4A92-A5E3-C1DA2EDA759D}.Debug|x64.ActiveCfg = Debug|x64
		{D8D43712-8A89-4A92-A5E3-C1DA2EDA759D}.Debug|x64.Build.0 = Debug|x64
		{D8D43712-8A89-4A92-A5E3-C1DA2EDA759D}.Debug|x86.ActiveCfg = Debug|x64
		{D8D43712-8A89-4A92-A5E3-C1DA2EDA759D}.Release|x64.ActiveCfg = Release|x64
		{D8D43712-8A89-4A92-A5E3-C1DA2EDA759D}.Release|x64.Build.0 = Release|x64
		{D8D43712-8A89-4A92-A5E3-C1DA2EDA759D}.Release|x86.ActiveCfg = Release|x64
		{B9B1C849-B75F-4C56-AD56-01D36F3FDA05}.Debug|x64.ActiveCfg = Debug|x64
		{B9B1C849-B75F-4C56-AD56-01D36F3FDA05}.Debug|x64.Build.0 = Debug|x64
		{B9B1C849-B75F-4C56-AD56-01D36F3FDA05}.Debug|x86.ActiveCfg = Debug|x64
		{B9B1C849-B75F-4C56-AD56-01D36F3FDA05}.Release|x64.ActiveCfg = Release|x64
		{B9B1C849-B75F-4C56-AD56-01D36F3FDA05}.Release|x64.Build.0 = Release|x64
		{B9B1C849-B75F-4C56-AD56-01D36F3FDA05}.Release|x86.ActiveCfg = Release|x64
		{673E7B16-B3C8-48D9-915B-A8E82900691C}.Debug|x64.ActiveCfg = Debug|x64
		{673E7B16-B3C8-48D9-915B-A8E82900691C}.Debug|x64.Build.0 = Debug|x64
		{673E7B16-B3C8-48D9-915B-A8E82900691C}.Debug|x86.ActiveCfg = Debug|Win32
		{673E7B16-B3C8-48D9-915B-A8E82900691C}.Debug|x86.Build.0 = Debug|Win32
		{673E7B16-B3C8-48D9-915B-A8E82900691C}.Release|x64.ActiveCfg = Release|x64
		{673E7B16-B3C8-48D9-915B-A8E82900691C}.Release|x64.Build.0 = Release|x64
		{673E7B16-B3C8-48D9-915B-A8E82900691C}.Release|x86.ActiveCfg = Release|Win32
		{673E7B16-B3C8-48D9-915B-A8E82900691C}.Release|x86.Build.0 = Release|Win32
		{E98664C0-72C3-4E38-BACD-444DF2288DC9}.Debug|x64.ActiveCfg = Debug|x64
		{E98664C0-72C3-4E38-BACD-444DF2288DC9}.Debug|x64.Build.0 = Debug|x64
		{E98664C0-72C3-4E38-BACD-444DF2288DC9}.Debug|x86.ActiveCfg = Debug|Win32
		{E98664C0-72C3-4E38-BACD-444DF2288DC9}.Debug|x86.Build.0 = Debug|Win32
		{E98664C0-72C3-4E38-BACD-444DF2288DC9}.Release|x64.ActiveCfg = Release|x64
		{E98664C0-72C3-4E38-BACD-444DF2288DC9}.Release|x64.Build.0 = Release|x64
		{E98664C0-72C3-4E38-BACD-444DF2288DC9}.Release|x86.ActiveCfg = Release|Win32
		{E98664C0-72C3-4E38-BACD-444DF2288DC9}.Release|x86.Build.0 = Release|Win32
		{FE3BADFF-A200-4389-BD90-D3A058834C4F}.Debug|x64.ActiveCfg = Debug|x64
		{FE3BADFF-A200-4389-BD90-D3A058834C4F}.Debug|x64.Build.0 = Debug|x64
		{FE3BADFF-A200-4389-BD90-D3A058834C4F}.Debug|x86.ActiveCfg = Debug|x64
		{FE3BADFF-A200-4389-BD90-D3A058834C4F}.Release|x64.ActiveCfg = Release|x64
		{FE3BADFF-A200-4389-BD90-D3A058834C4F}.Release|x64.Build.0 = Release|x64
		{FE3BADFF-A200-4389-BD90-D3A058834C4F}.Release|x86.ActiveCfg = Release|x64
		{DA92A077-ACED-4652-A3A1-254E54ECD996}.Debug|x64.ActiveCfg = Debug|x64
		{DA92A077-ACED-4652-A3A1-254E54ECD996}.Debug|x64.Build.0 = Debug|x64
		{DA92A077-ACED-4652-A3A1-254E54ECD996}.Debug|x86.ActiveCfg = Debug|Win32
		{DA92A077-ACED-4652-A3A1-254E54ECD996}.Debug|x86.Build.0 = Debug|Win32
		{DA92A077-ACED-4652-A3A1-254E54ECD996}.Release|x64.ActiveCfg = Release|x64
		{DA92A077-ACED-4652-A3A1-254E54ECD996}.Release|x64.Build.0 = Release|x64
		{DA92A077-ACED-4652-A3A1-254E54ECD996}.Release|x86.ActiveCfg = Release|Win32
		{DA92A077-ACED-4652-A3A1-254E54ECD996}.Release|x86.Build.0 = Release|Win32
		{9F1F74CF-CF2A-4E7F-8073-756C85F2E7A7}.Debug|x64.ActiveCfg = Debug|x64
		{9F1F74CF-CF2A-4E7F-8073-756C85F2E7A7}.Debug|x64.Build.0 = Debug|x64
		{9F1F74CF-CF2A-4E7F-8073-756C85F2E7A7}.Debug|x86.ActiveCfg = Debug|x64
		{9F1F74CF-CF2A-4E7F-8073-756C85F2E7A7}.Release|x64.ActiveCfg = Release|x64
		{9F1F74CF-CF2A-4E7F-8073-756C85F2E7A7}.Release|x64.Build.0 = Release|x64
		{9F1F74CF-CF2A-4E7F-8073-756C85F2E7A7}.Release|x86.ActiveCfg = Release|x64
		{2AF865A5-02B2-4B64-9F89-E03E8CB9C933}.Debug|x64.ActiveCfg = Debug|x64
		{2AF865A5-02B2-4B64-9F89-E03E8CB9C933}.Debug|x64.Build.0 = Debug|x64
		{2AF865A5-02B2-4B64-9F89-E03E8CB9C933}.Debug|x86.ActiveCfg = Debug|x64
		{2AF865A5-02B2-4B64-9F89-E03E8CB9C933}.Release|x64.ActiveCfg = Release|x64
		{2AF865A5-02B2-4B64-9F89-E03E8CB9C933}.Release|x64.Build.0 = Release|x64
		{2AF865A5-02B2-4B64-9F89-E03E8CB9C933}.Release|x86.ActiveCfg = Release|x64
	EndGlobalSection
	GlobalSection(SolutionProperties) = preSolution
		HideSolutionNode = FALSE
	EndGlobalSection
EndGlobal
