<?xml version="1.0" encoding="utf-8"?>
<Project ToolsVersion="4.0" xmlns="http://schemas.microsoft.com/developer/msbuild/2003">
  <ItemGroup>
    <Filter Include="Source Files">
      <UniqueIdentifier>{4FC737F1-C7A5-4376-A066-2A32D752A2FF}</UniqueIdentifier>
      <Extensions>cpp;c;cc;cxx;c++;cppm;ixx;def;odl;idl;hpj;bat;asm;asmx</Extensions>
    </Filter>
    <Filter Include="Header Files">
      <UniqueIdentifier>{93995380-89BD-4b04-88EB-625FBE52EBFB}</UniqueIdentifier>
      <Extensions>h;hh;hpp;hxx;h++;hm;inl;inc;ipp;xsd</Extensions>
    </Filter>
    <Filter Include="Resource Files">
      <UniqueIdentifier>{67DA6AB6-F800-4c08-8B7A-83BB121AAD01}</UniqueIdentifier>
      <Extensions>rc;ico;cur;bmp;dlg;rc2;rct;bin;rgs;gif;jpg;jpeg;jpe;resx;tiff;tif;png;wav;mfcribbon-ms</Extensions>
    </Filter>
    <Filter Include="Script Files">
      <UniqueIdentifier>{6bbf4735-fba0-4d0c-b714-e70129d89f9a}</UniqueIdentifier>
    </Filter>
  </ItemGroup>
  <ItemGroup>
    <ClInclude Include="..\include\rococo.audio.h">
      <Filter>Header Files</Filter>
    </ClInclude>
    <ClInclude Include="rococo.audio.sxh.h">
      <Filter>Header Files</Filter>
    </ClInclude>
    <ClInclude Include="rococo.audio.types.h">
      <Filter>Header Files</Filter>
    </ClInclude>
  </ItemGroup>
  <ItemGroup>
    <ClCompile Include="rococo.audio.dllmain.cpp">
      <Filter>Source Files</Filter>
    </ClCompile>
    <ClCompile Include="rococo.audio.3D-world.cpp">
      <Filter>Source Files</Filter>
    </ClCompile>
    <ClCompile Include="rococo.audio.mp3.win32.decoders.cpp">
      <Filter>Source Files</Filter>
    </ClCompile>
    <ClCompile Include="rococo.audio.player.cpp">
      <Filter>Source Files</Filter>
    </ClCompile>
    <ClCompile Include="rococo.audio.sample.database.cpp">
      <Filter>Source Files</Filter>
    </ClCompile>
    <ClCompile Include="rococo.audio.streamer.stereo.cpp">
      <Filter>Source Files</Filter>
    </ClCompile>
    <ClCompile Include="rococo.audio.X2.cpp">
      <Filter>Source Files</Filter>
    </ClCompile>
    <ClCompile Include="rococo.audio.X3D.cpp">
      <Filter>Source Files</Filter>
    </ClCompile>
    <ClCompile Include="rococo.audio.memory.cpp">
      <Filter>Source Files</Filter>
    </ClCompile>
  </ItemGroup>
  <ItemGroup>
    <None Include="rococo.audio.sxh">
      <Filter>Script Files</Filter>
    </None>
    <None Include="config.xc">
      <Filter>Script Files</Filter>
    </None>
    <None Include="rococo.audio.sxh.inl">
      <Filter>Source Files</Filter>
    </None>
  </ItemGroup>
</Project>