<?xml version="1.0" encoding="utf-8"?>
<Project ToolsVersion="4.0" xmlns="http://schemas.microsoft.com/developer/msbuild/2003">
  <ItemGroup>
    <Filter Include="Source Files">
      <UniqueIdentifier>{4FC737F1-C7A5-4376-A066-2A32D752A2FF}</UniqueIdentifier>
      <Extensions>cpp;c;cc;cxx;def;odl;idl;hpj;bat;asm;asmx</Extensions>
    </Filter>
    <Filter Include="Header Files">
      <UniqueIdentifier>{93995380-89BD-4b04-88EB-625FBE52EBFB}</UniqueIdentifier>
      <Extensions>h;hh;hpp;hxx;hm;inl;inc;ipp;xsd</Extensions>
    </Filter>
    <Filter Include="Resource Files">
      <UniqueIdentifier>{67DA6AB6-F800-4c08-8B7A-83BB121AAD01}</UniqueIdentifier>
      <Extensions>rc;ico;cur;bmp;dlg;rc2;rct;bin;rgs;gif;jpg;jpeg;jpe;resx;tiff;tif;png;wav;mfcribbon-ms</Extensions>
    </Filter>
    <Filter Include="ScriptGen Files">
      <UniqueIdentifier>{54864139-c541-4097-ac82-429a692ffa3f}</UniqueIdentifier>
    </Filter>
    <Filter Include="ScriptGen Files\SXY">
      <UniqueIdentifier>{79101382-bda4-439e-a63f-27cac1b1df8b}</UniqueIdentifier>
    </Filter>
    <Filter Include="Generated  Files">
      <UniqueIdentifier>{55118b6c-5126-4b39-892c-e42c3ca3c1a6}</UniqueIdentifier>
    </Filter>
    <Filter Include="Scripts">
      <UniqueIdentifier>{f2a643ef-56eb-4a63-98ce-3d0cad09aff7}</UniqueIdentifier>
    </Filter>
  </ItemGroup>
  <ItemGroup>
    <ClInclude Include="Resource.h">
      <Filter>Header Files</Filter>
    </ClInclude>
    <ClInclude Include="mhost.h">
      <Filter>Header Files</Filter>
    </ClInclude>
    <ClInclude Include="mhost.sxh.h">
      <Filter>Generated  Files</Filter>
    </ClInclude>
  </ItemGroup>
  <ItemGroup>
    <Image Include="small.ico">
      <Filter>Resource Files</Filter>
    </Image>
    <Image Include="mhost.ico">
      <Filter>Resource Files</Filter>
    </Image>
  </ItemGroup>
  <ItemGroup>
    <ClCompile Include="mhost.os.win32.cpp">
      <Filter>Source Files</Filter>
    </ClCompile>
    <ClCompile Include="mhost.app.cpp">
      <Filter>Source Files</Filter>
    </ClCompile>
    <ClCompile Include="mhost.scripts.cpp">
      <Filter>Source Files</Filter>
    </ClCompile>
    <ClCompile Include="mhost.graphics.cpp">
      <Filter>Source Files</Filter>
    </ClCompile>
    <ClCompile Include="mhost.serializers.cpp">
      <Filter>Source Files</Filter>
    </ClCompile>
  </ItemGroup>
  <ItemGroup>
    <None Include="mhost.sxh">
      <Filter>ScriptGen Files</Filter>
    </None>
    <None Include="mhost.xc">
      <Filter>ScriptGen Files</Filter>
    </None>
    <None Include="..\content\scripts\mhost\galaxians.sxy">
      <Filter>ScriptGen Files\SXY</Filter>
    </None>
    <None Include="..\content\scripts\mhost\mhost.sxh.sxy">
      <Filter>ScriptGen Files\SXY</Filter>
    </None>
    <None Include="..\content\scripts\mhost\mplat.types.sxy">
      <Filter>ScriptGen Files\SXY</Filter>
    </None>
    <None Include="mhost.sxh.inl">
      <Filter>Generated  Files</Filter>
    </None>
    <None Include="..\content\scripts\mhost\mhost.include.sxy">
      <Filter>ScriptGen Files\SXY</Filter>
    </None>
    <None Include="..\content\scripts\mhost\mhost.types.sxy">
      <Filter>ScriptGen Files\SXY</Filter>
    </None>
    <None Include="..\content\scripts\mhost\keys.sxy">
      <Filter>ScriptGen Files\SXY</Filter>
    </None>
    <None Include="..\content\scripts\mhost\harrier.sxy">
      <Filter>ScriptGen Files\SXY</Filter>
    </None>
    <None Include="..\content\scripts\mhost\rpg.sxy">
      <Filter>ScriptGen Files\SXY</Filter>
    </None>
    <None Include="..\content\scripts\mhost\widgets\fonts.sxy">
      <Filter>ScriptGen Files\SXY</Filter>
    </None>
    <None Include="..\content\scripts\mhost\widgets\menu.vertical.sxy">
      <Filter>ScriptGen Files\SXY</Filter>
    </None>
    <None Include="..\content\scripts\mhost\widgets\widgets.sxy">
      <Filter>ScriptGen Files\SXY</Filter>
    </None>
    <None Include="..\content\scripts\mhost\t3d\t3d.config.sxy">
      <Filter>Scripts</Filter>
    </None>
    <None Include="..\content\scripts\mhost\t3d\t3d.init.sxy">
      <Filter>Scripts</Filter>
    </None>
    <None Include="..\content\scripts\mhost\t3d\t3d.sxy">
      <Filter>Scripts</Filter>
    </None>
    <None Include="..\content\scripts\mhost\t3d\t3d.world.sxy">
      <Filter>Scripts</Filter>
    </None>
  </ItemGroup>
</Project>