<?xml version="1.0" encoding="utf-8"?>
<Project ToolsVersion="4.0" xmlns="http://schemas.microsoft.com/developer/msbuild/2003">
  <ItemGroup>
    <FxCompile Include="gui.ps.hlsl">
      <Filter>HLSL\GUI</Filter>
    </FxCompile>
    <FxCompile Include="gui.vs.hlsl">
      <Filter>HLSL\GUI</Filter>
    </FxCompile>
    <FxCompile Include="r32f.ps.hlsl">
      <Filter>HLSL\GUI</Filter>
    </FxCompile>
    <FxCompile Include="object.ps.hlsl">
      <Filter>HLSL\Objects</Filter>
    </FxCompile>
    <FxCompile Include="ambient.ps.hlsl">
      <Filter>HLSL\Objects</Filter>
    </FxCompile>
    <FxCompile Include="object.vs.hlsl">
      <Filter>HLSL\Objects</Filter>
    </FxCompile>
    <FxCompile Include="scroll.ambient.ps.hlsl">
      <Filter>HLSL\Objects</Filter>
    </FxCompile>
    <FxCompile Include="scroll.spotlight.ps.hlsl">
      <Filter>HLSL\Objects</Filter>
    </FxCompile>
    <FxCompile Include="ambient.vs.hlsl">
      <Filter>HLSL\Objects</Filter>
    </FxCompile>
    <FxCompile Include="shadow.ps.hlsl">
      <Filter>HLSL\Objects</Filter>
    </FxCompile>
    <FxCompile Include="shadow.vs.hlsl">
      <Filter>HLSL\Objects</Filter>
    </FxCompile>
    <FxCompile Include="plasma.ps.hlsl">
      <Filter>HLSL\Particles</Filter>
    </FxCompile>
    <FxCompile Include="particle.vs.hlsl">
      <Filter>HLSL\Particles</Filter>
    </FxCompile>
    <FxCompile Include="fog.spotlight.ps.hlsl">
      <Filter>HLSL\Particles</Filter>
    </FxCompile>
    <FxCompile Include="fog.ambient.ps.hlsl">
      <Filter>HLSL\Particles</Filter>
    </FxCompile>
    <FxCompile Include="plasma.gs.hlsl">
      <Filter>HLSL\Particles</Filter>
    </FxCompile>
    <FxCompile Include="fog.spotlight.gs.hlsl">
      <Filter>HLSL\Particles</Filter>
    </FxCompile>
    <FxCompile Include="fog.ambient.gs.hlsl">
      <Filter>HLSL\Particles</Filter>
    </FxCompile>
    <FxCompile Include="obj.ambient.no_env.ps.hlsl">
      <Filter>HLSL\Objects</Filter>
    </FxCompile>
    <FxCompile Include="obj.spotlight.no_env.ps.hlsl">
      <Filter>HLSL\Objects</Filter>
    </FxCompile>
    <FxCompile Include="gui.texture.ps.hlsl">
      <Filter>HLSL\GUI</Filter>
    </FxCompile>
    <FxCompile Include="gui.shadow.ps.hlsl">
      <Filter>HLSL\GUI</Filter>
    </FxCompile>
    <FxCompile Include="gui.cloud.ps.hlsl">
      <Filter>HLSL\GUI</Filter>
    </FxCompile>
    <FxCompile Include="skybox.vs.hlsl">
      <Filter>HLSL\Objects</Filter>
    </FxCompile>
    <FxCompile Include="skybox.ps.hlsl">
      <Filter>HLSL\Objects</Filter>
    </FxCompile>
    <FxCompile Include="light_cone.ps..hlsl">
      <Filter>HLSL\Objects</Filter>
    </FxCompile>
    <FxCompile Include="light_cone.vs.hlsl">
      <Filter>HLSL\Objects</Filter>
    </FxCompile>
    <FxCompile Include="HQ-font.ps.hlsl">
      <Filter>HLSL\GUI</Filter>
    </FxCompile>
    <FxCompile Include="HQ-font.vs.hlsl">
      <Filter>HLSL\GUI</Filter>
    </FxCompile>
    <FxCompile Include="ambient.no-texture.ps.hlsl">
      <Filter>HLSL\Objects</Filter>
    </FxCompile>
    <FxCompile Include="object.no-texture.ps.hlsl">
      <Filter>HLSL\Objects</Filter>
    </FxCompile>
    <FxCompile Include="landscape.ps.hlsl">
      <Filter>HLSL\Landscapes</Filter>
    </FxCompile>
    <FxCompile Include="landscape.vs.hlsl">
      <Filter>HLSL\Landscapes</Filter>
    </FxCompile>
    <FxCompile Include="skinned_2bone.vs.hlsl">
      <Filter>HLSL\Objects</Filter>
    </FxCompile>
    <FxCompile Include="skinned_2bone.ambient.vs.hlsl">
      <Filter>HLSL\Objects</Filter>
    </FxCompile>
    <FxCompile Include="skinned.shadow.vs.hlsl">
      <Filter>HLSL\Objects</Filter>
    </FxCompile>
  </ItemGroup>
  <ItemGroup>
    <ClCompile Include="dx11.swapchain.cpp">
      <Filter>Sources</Filter>
    </ClCompile>
    <ClCompile Include="dx11.depth.cpp">
      <Filter>Sources</Filter>
    </ClCompile>
    <ClCompile Include="dx11.renderer.cpp">
      <Filter>Sources</Filter>
    </ClCompile>
    <ClCompile Include="dx11.gui.cpp">
      <Filter>Sources</Filter>
    </ClCompile>
    <ClCompile Include="dx11.objects.cpp">
      <Filter>Sources</Filter>
    </ClCompile>
    <ClCompile Include="dx11.dialog.cpp">
      <Filter>Sources</Filter>
    </ClCompile>
    <ClCompile Include="dx11.textures.cpp">
      <Filter>Sources</Filter>
    </ClCompile>
    <ClCompile Include="dx11.particles.cpp">
      <Filter>Sources</Filter>
    </ClCompile>
    <ClCompile Include="dx11.factory.cpp">
      <Filter>Sources</Filter>
    </ClCompile>
    <ClCompile Include="dx11.window.cpp">
      <Filter>Sources</Filter>
    </ClCompile>
    <ClCompile Include="dx11.app.manager.cpp">
      <Filter>Sources</Filter>
    </ClCompile>
    <ClCompile Include="dx11.texture.array.cpp">
      <Filter>Sources</Filter>
    </ClCompile>
    <ClCompile Include="dx11.venues.cpp">
      <Filter>Sources</Filter>
    </ClCompile>
    <ClCompile Include="dx11.hqfonts.cpp">
      <Filter>Sources</Filter>
    </ClCompile>
    <ClCompile Include="dx11.cube.texture.cpp">
      <Filter>Sources</Filter>
    </ClCompile>
    <ClCompile Include="dx11.samplers.cpp">
      <Filter>Sources</Filter>
    </ClCompile>
    <ClCompile Include="dx11.device.cpp">
      <Filter>Sources</Filter>
    </ClCompile>
  </ItemGroup>
  <ItemGroup>
    <ClInclude Include="rococo.dx11.api.h">
      <Filter>Headers</Filter>
    </ClInclude>
    <ClInclude Include="dx11.renderer.h">
      <Filter>Headers</Filter>
    </ClInclude>
    <ClInclude Include="..\include\rococo.maths.h">
      <Filter>Headers</Filter>
    </ClInclude>
    <ClInclude Include="dx11.imports.inl">
      <Filter>Headers</Filter>
    </ClInclude>
    <ClInclude Include="dx11.factory.h">
      <Filter>Headers</Filter>
    </ClInclude>
    <ClInclude Include="..\include\rococo.app.h">
      <Filter>Headers</Filter>
    </ClInclude>
    <ClInclude Include="..\include\rococo.auto-release.h">
      <Filter>Headers</Filter>
    </ClInclude>
  </ItemGroup>
  <ItemGroup>
    <None Include="dx11helpers.inl">
      <Filter>Headers</Filter>
    </None>
    <None Include="dx11buffers.inl">
      <Filter>Headers</Filter>
    </None>
    <None Include="mplat.types.hlsl">
      <Filter>HLSL\Headers</Filter>
    </None>
    <None Include="mplat.api.hlsl">
      <Filter>HLSL\Headers</Filter>
    </None>
  </ItemGroup>
  <ItemGroup>
    <Filter Include="Sources">
      <UniqueIdentifier>{4d420732-2698-4336-bbc4-cde79ac59cb2}</UniqueIdentifier>
    </Filter>
    <Filter Include="Headers">
      <UniqueIdentifier>{0434006d-571d-46b7-947b-b01f592b9817}</UniqueIdentifier>
    </Filter>
    <Filter Include="HLSL">
      <UniqueIdentifier>{e73831d3-9110-4c7b-be51-0d2f83d5695b}</UniqueIdentifier>
    </Filter>
    <Filter Include="HLSL\Particles">
      <UniqueIdentifier>{1aedfc45-247e-4955-b2e1-51c9498049cf}</UniqueIdentifier>
    </Filter>
    <Filter Include="HLSL\GUI">
      <UniqueIdentifier>{006a70ae-0206-403a-95f7-7378e6b7924f}</UniqueIdentifier>
    </Filter>
    <Filter Include="HLSL\Objects">
      <UniqueIdentifier>{3c506f93-b117-4965-a7da-3aab9ebc94b3}</UniqueIdentifier>
    </Filter>
    <Filter Include="HLSL\Headers">
      <UniqueIdentifier>{6efd6b5c-0162-4473-b1b9-6b72629ec741}</UniqueIdentifier>
    </Filter>
    <Filter Include="HLSL\Landscapes">
      <UniqueIdentifier>{81e392a9-b652-4772-9475-fc10f0b889e2}</UniqueIdentifier>
    </Filter>
  </ItemGroup>
</Project>