<?xml version="1.0" encoding="utf-8"?>
<Project ToolsVersion="4.0" xmlns="http://schemas.microsoft.com/developer/msbuild/2003">
  <ItemGroup>
    <Filter Include="Source Files">
      <UniqueIdentifier>{4FC737F1-C7A5-4376-A066-2A32D752A2FF}</UniqueIdentifier>
      <Extensions>cpp;c;cc;cxx;def;odl;idl;hpj;bat;asm;asmx</Extensions>
    </Filter>
    <Filter Include="Header Files">
      <UniqueIdentifier>{93995380-89BD-4b04-88EB-625FBE52EBFB}</UniqueIdentifier>
      <Extensions>h;hh;hpp;hxx;hm;inl;inc;xsd</Extensions>
    </Filter>
    <Filter Include="Resource Files">
      <UniqueIdentifier>{67DA6AB6-F800-4c08-8B7A-83BB121AAD01}</UniqueIdentifier>
      <Extensions>rc;ico;cur;bmp;dlg;rc2;rct;bin;rgs;gif;jpg;jpeg;jpe;resx;tiff;tif;png;wav;mfcribbon-ms</Extensions>
    </Filter>
  </ItemGroup>
  <ItemGroup>
    <ClCompile Include="app.cpp">
      <Filter>Source Files</Filter>
    </ClCompile>
    <ClCompile Include="meshes.cpp">
      <Filter>Source Files</Filter>
    </ClCompile>
    <ClCompile Include="main.cpp">
      <Filter>Source Files</Filter>
    </ClCompile>
    <ClCompile Include="scripts.cpp">
      <Filter>Source Files</Filter>
    </ClCompile>
    <ClCompile Include="dialogs.cpp">
      <Filter>Source Files</Filter>
    </ClCompile>
    <ClCompile Include="keyboard.cpp">
      <Filter>Source Files</Filter>
    </ClCompile>
    <ClCompile Include="level.cpp">
      <Filter>Source Files</Filter>
    </ClCompile>
    <ClCompile Include="Environment.cpp">
      <Filter>Source Files</Filter>
    </ClCompile>
    <ClCompile Include="script.natives.cpp">
      <Filter>Source Files</Filter>
    </ClCompile>
    <ClCompile Include="inventory.cpp">
      <Filter>Source Files</Filter>
    </ClCompile>
    <ClCompile Include="human.bobby.cpp">
      <Filter>Source Files</Filter>
    </ClCompile>
    <ClCompile Include="human.vigilante.cpp">
      <Filter>Source Files</Filter>
    </ClCompile>
    <ClCompile Include="gui.cpp">
      <Filter>Source Files</Filter>
    </ClCompile>
    <ClCompile Include="UIStack.cpp">
      <Filter>Source Files</Filter>
    </ClCompile>
    <ClCompile Include="pane.dialog.box.cpp">
      <Filter>Source Files</Filter>
    </ClCompile>
    <ClCompile Include="pane.stats.cpp">
      <Filter>Source Files</Filter>
    </ClCompile>
    <ClCompile Include="pane.isometric.cpp">
      <Filter>Source Files</Filter>
    </ClCompile>
    <ClCompile Include="pane.context.menu.cpp">
      <Filter>Source Files</Filter>
    </ClCompile>
    <ClCompile Include="pane.inventory.cpp">
      <Filter>Source Files</Filter>
    </ClCompile>
    <ClCompile Include="controls.cpp">
      <Filter>Source Files</Filter>
    </ClCompile>
    <ClCompile Include="actions.cpp">
      <Filter>Source Files</Filter>
    </ClCompile>
    <ClCompile Include="player.verbs.cpp">
      <Filter>Source Files</Filter>
    </ClCompile>
    <ClCompile Include="generator.city.cpp">
      <Filter>Source Files</Filter>
    </ClCompile>
    <ClCompile Include="generator.house.cpp">
      <Filter>Source Files</Filter>
    </ClCompile>
    <ClCompile Include="skeleton.cpp">
      <Filter>Source Files</Filter>
    </ClCompile>
    <ClCompile Include="bone.library.cpp">
      <Filter>Source Files</Filter>
    </ClCompile>
    <ClCompile Include="pch.cpp">
      <Filter>Source Files</Filter>
    </ClCompile>
    <ClCompile Include="pane.personal.info.cpp">
      <Filter>Source Files</Filter>
    </ClCompile>
    <ClCompile Include="ai.lib.cpp">
      <Filter>Source Files</Filter>
    </ClCompile>
    <ClCompile Include="rpg.rules.kudos.cpp">
      <Filter>Source Files</Filter>
    </ClCompile>
    <ClCompile Include="pane.journal.cpp">
      <Filter>Source Files</Filter>
    </ClCompile>
    <ClCompile Include="journal.cpp">
      <Filter>Source Files</Filter>
    </ClCompile>
    <ClCompile Include="generate.city.mk2.cpp">
      <Filter>Source Files</Filter>
    </ClCompile>
    <ClCompile Include="generate.quad.cpp">
      <Filter>Source Files</Filter>
    </ClCompile>
    <ClCompile Include="cv.cpp">
      <Filter>Source Files</Filter>
    </ClCompile>
    <ClCompile Include="pane.cv.cpp">
      <Filter>Source Files</Filter>
    </ClCompile>
    <ClCompile Include="scriptable.widgets.cpp">
      <Filter>Source Files</Filter>
    </ClCompile>
  </ItemGroup>
  <ItemGroup>
    <ResourceCompile Include="dx11.renderer.rc">
      <Filter>Resource Files</Filter>
    </ResourceCompile>
  </ItemGroup>
  <ItemGroup>
    <ClInclude Include="resource.h">
      <Filter>Header Files</Filter>
    </ClInclude>
    <ClInclude Include="..\include\rococo.renderer.h">
      <Filter>Header Files</Filter>
    </ClInclude>
    <ClInclude Include="..\include\rococo.types.h">
      <Filter>Header Files</Filter>
    </ClInclude>
    <ClInclude Include="meshes.h">
      <Filter>Header Files</Filter>
    </ClInclude>
    <ClInclude Include="..\include\rococo.io.h">
      <Filter>Header Files</Filter>
    </ClInclude>
    <ClInclude Include="dystopia.h">
      <Filter>Header Files</Filter>
    </ClInclude>
    <ClInclude Include="..\include\rococo.maths.h">
      <Filter>Header Files</Filter>
    </ClInclude>
    <ClInclude Include="human.types.h">
      <Filter>Header Files</Filter>
    </ClInclude>
    <ClInclude Include="..\include\rococo.ui.h">
      <Filter>Header Files</Filter>
    </ClInclude>
    <ClInclude Include="..\include\rococo.post.h">
      <Filter>Header Files</Filter>
    </ClInclude>
    <ClInclude Include="dystopia.post.h">
      <Filter>Header Files</Filter>
    </ClInclude>
    <ClInclude Include="dystopia.ui.h">
      <Filter>Header Files</Filter>
    </ClInclude>
    <ClInclude Include="dystopia.constants.h">
      <Filter>Header Files</Filter>
    </ClInclude>
    <ClInclude Include="skeleton.h">
      <Filter>Header Files</Filter>
    </ClInclude>
    <ClInclude Include="..\include\rococo.keys.h">
      <Filter>Header Files</Filter>
    </ClInclude>
    <ClInclude Include="..\include\rococo.api.h">
      <Filter>Header Files</Filter>
    </ClInclude>
    <ClInclude Include="..\include\rococo.strings.h">
      <Filter>Header Files</Filter>
    </ClInclude>
    <ClInclude Include="rpg.rules.h">
      <Filter>Header Files</Filter>
    </ClInclude>
    <ClInclude Include="dystopia.sxh.h">
      <Filter>Header Files</Filter>
    </ClInclude>
    <ClInclude Include="..\include\rococo.widgets.h">
      <Filter>Header Files</Filter>
    </ClInclude>
    <ClInclude Include="..\include\rococo.os.win32.h">
      <Filter>Header Files</Filter>
    </ClInclude>
  </ItemGroup>
  <ItemGroup>
    <None Include="config.xc">
      <Filter>Source Files</Filter>
    </None>
    <None Include="component.system.inl">
      <Filter>Header Files</Filter>
    </None>
    <None Include="..\include\rococo.maths.inl">
      <Filter>Header Files</Filter>
    </None>
    <None Include="dystopia.sxh.inl">
      <Filter>Header Files</Filter>
    </None>
  </ItemGroup>
  <ItemGroup>
    <CustomBuild Include="dystopia.sxh">
      <Filter>Source Files</Filter>
    </CustomBuild>
  </ItemGroup>
</Project>