<?xml version="1.0" encoding="utf-8"?>
<Project ToolsVersion="4.0" xmlns="http://schemas.microsoft.com/developer/msbuild/2003">
  <ItemGroup>
    <Filter Include="Source Files">
      <UniqueIdentifier>{4FC737F1-C7A5-4376-A066-2A32D752A2FF}</UniqueIdentifier>
      <Extensions>cpp;c;cc;cxx;c++;cppm;ixx;def;odl;idl;hpj;bat;asm;asmx</Extensions>
    </Filter>
    <Filter Include="Header Files">
      <UniqueIdentifier>{93995380-89BD-4b04-88EB-625FBE52EBFB}</UniqueIdentifier>
      <Extensions>h;hh;hpp;hxx;h++;hm;inl;inc;ipp;xsd</Extensions>
    </Filter>
    <Filter Include="Resource Files">
      <UniqueIdentifier>{67DA6AB6-F800-4c08-8B7A-83BB121AAD01}</UniqueIdentifier>
      <Extensions>rc;ico;cur;bmp;dlg;rc2;rct;bin;rgs;gif;jpg;jpeg;jpe;resx;tiff;tif;png;wav;mfcribbon-ms</Extensions>
    </Filter>
    <Filter Include="ScriptGen">
      <UniqueIdentifier>{b40871fb-9d6e-4329-aee2-3b17b8509f21}</UniqueIdentifier>
    </Filter>
  </ItemGroup>
  <ItemGroup>
    <ClCompile Include="rococo.carpenter.test.main.cpp">
      <Filter>Source Files</Filter>
    </ClCompile>
    <ClCompile Include="..\tables\rococo.carpenter.test.compile-unit.cpp">
      <Filter>Source Files</Filter>
    </ClCompile>
  </ItemGroup>
  <ItemGroup>
    <ClInclude Include="..\tables\rococo.quotes.h">
      <Filter>Header Files</Filter>
    </ClInclude>
    <ClInclude Include="..\tables\rococo.periodic-table.h">
      <Filter>Header Files</Filter>
    </ClInclude>
    <ClInclude Include="..\tables\localized-text-table.h">
      <Filter>Header Files</Filter>
    </ClInclude>
    <ClInclude Include="..\tables\users.demo.h">
      <Filter>Header Files</Filter>
    </ClInclude>
    <ClInclude Include="..\tables\tables.sxh.h">
      <Filter>Header Files</Filter>
    </ClInclude>
  </ItemGroup>
  <ItemGroup>
    <None Include="..\tables\rococo.tables.test.sxh">
      <Filter>ScriptGen</Filter>
    </None>
    <None Include="..\tables\rococo.tables.test.xc">
      <Filter>ScriptGen</Filter>
    </None>
    <None Include="..\content\scripts\test\tables.sxy">
      <Filter>Source Files</Filter>
    </None>
  </ItemGroup>
</Project>