
Microsoft Visual Studio Solution File, Format Version 12.00
# Visual Studio 15
VisualStudioVersion = 15.0.27004.2002
MinimumVisualStudioVersion = 10.0.40219.1
Project("{2150E333-8FDC-42A3-9474-1A3956D46DE8}") = "Modules", "Modules", "{7C14F072-006D-4E71-9AE7-D69D48F7E058}"
EndProject
Project("{2150E333-8FDC-42A3-9474-1A3956D46DE8}") = "Common", "Common", "{3B688E06-533E-4291-9658-A79C6D0B9DEC}"
	ProjectSection(SolutionItems) = preProject
		Common\sexy.compiler.public.h = Common\sexy.compiler.public.h
		Common\sexy.debug.types.h = Common\sexy.debug.types.h
		Common\sexy.dispatch.inl = Common\sexy.dispatch.inl
		Common\sexy.lib.compiler.h = Common\sexy.lib.compiler.h
		Common\sexy.lib.s-parser.h = Common\sexy.lib.s-parser.h
		Common\sexy.lib.script.h = Common\sexy.lib.script.h
		Common\sexy.lib.util.h = Common\sexy.lib.util.h
		Common\sexy.lib.vm.h = Common\sexy.lib.vm.h
		Common\sexy.native.sys.type.h = Common\sexy.native.sys.type.h
		Common\sexy.s-parser.h = Common\sexy.s-parser.h
		Common\sexy.script.h = Common\sexy.script.h
		Common\sexy.strings.h = Common\sexy.strings.h
		Common\sexy.types.h = Common\sexy.types.h
		Common\sexy.vm.cpu.h = Common\sexy.vm.cpu.h
		Common\sexy.vm.h = Common\sexy.vm.h
	EndProjectSection
EndProject
Project("{8BC9CEB8-8B4A-11D0-8D11-00A0C91BC942}") = "sexy.compiler", "STC\stccore\stccore.vcxproj", "{608FC2FE-163D-4E32-B2D8-7E9CD10A80F6}"
	ProjectSection(ProjectDependencies) = postProject
		{B4C417E3-79C5-4A07-A713-F3BC2A1D30FF} = {B4C417E3-79C5-4A07-A713-F3BC2A1D30FF}
	EndProjectSection
EndProject
Project("{8BC9CEB8-8B4A-11D0-8D11-00A0C91BC942}") = "sexy.vm", "SVM\svmcore\svmcore.vcxproj", "{0132B041-4B73-4697-B01B-03D1EF180B9F}"
	ProjectSection(ProjectDependencies) = postProject
		{B4C417E3-79C5-4A07-A713-F3BC2A1D30FF} = {B4C417E3-79C5-4A07-A713-F3BC2A1D30FF}
	EndProjectSection
EndProject
Project("{8BC9CEB8-8B4A-11D0-8D11-00A0C91BC942}") = "sexy.s-parser", "SP\sexy.s-parser\sexy.s-parser.vcxproj", "{E1E12DF3-EF6B-4044-80DB-46CEF55AD628}"
	ProjectSection(ProjectDependencies) = postProject
		{B4C417E3-79C5-4A07-A713-F3BC2A1D30FF} = {B4C417E3-79C5-4A07-A713-F3BC2A1D30FF}
	EndProjectSection
EndProject
Project("{8BC9CEB8-8B4A-11D0-8D11-00A0C91BC942}") = "sexy.script", "SS\sexy.script\sexy.script.vcxproj", "{C44956CA-B7BF-4928-B894-117DB23F15CB}"
	ProjectSection(ProjectDependencies) = postProject
		{B4C417E3-79C5-4A07-A713-F3BC2A1D30FF} = {B4C417E3-79C5-4A07-A713-F3BC2A1D30FF}
	EndProjectSection
EndProject
Project("{2150E333-8FDC-42A3-9474-1A3956D46DE8}") = "Editor", "Editor", "{16AF6D64-A8F2-4D5D-AC5A-E890E75DCE60}"
EndProject
Project("{FAE04EC0-301F-11D3-BF4B-00C04F79EFBC}") = "sexydotnet", "sexydotnet\sexydotnet.csproj", "{5B659058-DFB5-4537-9246-405FE7FD92F2}"
	ProjectSection(ProjectDependencies) = postProject
		{0132B041-4B73-4697-B01B-03D1EF180B9F} = {0132B041-4B73-4697-B01B-03D1EF180B9F}
		{C44956CA-B7BF-4928-B894-117DB23F15CB} = {C44956CA-B7BF-4928-B894-117DB23F15CB}
		{B4C417E3-79C5-4A07-A713-F3BC2A1D30FF} = {B4C417E3-79C5-4A07-A713-F3BC2A1D30FF}
		{B44E72F2-938E-4650-8F58-38DB2BDEB811} = {B44E72F2-938E-4650-8F58-38DB2BDEB811}
		{E1E12DF3-EF6B-4044-80DB-46CEF55AD628} = {E1E12DF3-EF6B-4044-80DB-46CEF55AD628}
		{608FC2FE-163D-4E32-B2D8-7E9CD10A80F6} = {608FC2FE-163D-4E32-B2D8-7E9CD10A80F6}
	EndProjectSection
EndProject
Project("{8BC9CEB8-8B4A-11D0-8D11-00A0C91BC942}") = "sexydotnethost", "sexydotnethost\sexydotnethost.vcxproj", "{9ABC1EFE-91E6-4D4A-848E-27490791AB66}"
	ProjectSection(ProjectDependencies) = postProject
		{0132B041-4B73-4697-B01B-03D1EF180B9F} = {0132B041-4B73-4697-B01B-03D1EF180B9F}
		{C44956CA-B7BF-4928-B894-117DB23F15CB} = {C44956CA-B7BF-4928-B894-117DB23F15CB}
		{B4C417E3-79C5-4A07-A713-F3BC2A1D30FF} = {B4C417E3-79C5-4A07-A713-F3BC2A1D30FF}
		{B44E72F2-938E-4650-8F58-38DB2BDEB811} = {B44E72F2-938E-4650-8F58-38DB2BDEB811}
		{E1E12DF3-EF6B-4044-80DB-46CEF55AD628} = {E1E12DF3-EF6B-4044-80DB-46CEF55AD628}
		{608FC2FE-163D-4E32-B2D8-7E9CD10A80F6} = {608FC2FE-163D-4E32-B2D8-7E9CD10A80F6}
	EndProjectSection
EndProject
Project("{8BC9CEB8-8B4A-11D0-8D11-00A0C91BC942}") = "sexy.vm.test", "SVM\svmtest\svmtest.vcxproj", "{827470B1-D0CF-45BE-878C-89FBD120CC0F}"
	ProjectSection(ProjectDependencies) = postProject
		{B4C417E3-79C5-4A07-A713-F3BC2A1D30FF} = {B4C417E3-79C5-4A07-A713-F3BC2A1D30FF}
	EndProjectSection
EndProject
Project("{8BC9CEB8-8B4A-11D0-8D11-00A0C91BC942}") = "sexy.compiler.test", "STC\stctest\stctest.vcxproj", "{583A4F02-3C54-4BFA-A19C-F23C78D7C5EB}"
	ProjectSection(ProjectDependencies) = postProject
		{B4C417E3-79C5-4A07-A713-F3BC2A1D30FF} = {B4C417E3-79C5-4A07-A713-F3BC2A1D30FF}
	EndProjectSection
EndProject
Project("{8BC9CEB8-8B4A-11D0-8D11-00A0C91BC942}") = "sexy.script.test", "SS\sexy.script.test\sexy.script.test.vcxproj", "{1CDD2091-67B1-4E95-9AA7-D2DBF3891623}"
	ProjectSection(ProjectDependencies) = postProject
		{0132B041-4B73-4697-B01B-03D1EF180B9F} = {0132B041-4B73-4697-B01B-03D1EF180B9F}
		{B4C417E3-79C5-4A07-A713-F3BC2A1D30FF} = {B4C417E3-79C5-4A07-A713-F3BC2A1D30FF}
		{E1E12DF3-EF6B-4044-80DB-46CEF55AD628} = {E1E12DF3-EF6B-4044-80DB-46CEF55AD628}
		{608FC2FE-163D-4E32-B2D8-7E9CD10A80F6} = {608FC2FE-163D-4E32-B2D8-7E9CD10A80F6}
	EndProjectSection
EndProject
Project("{8BC9CEB8-8B4A-11D0-8D11-00A0C91BC942}") = "sexy.s-parser.test", "SP\sexy.s-parser.test\sexy.s-parser.test.vcxproj", "{9802CC6F-7FB6-4B49-AA6B-2DC786CB6956}"
	ProjectSection(ProjectDependencies) = postProject
		{B4C417E3-79C5-4A07-A713-F3BC2A1D30FF} = {B4C417E3-79C5-4A07-A713-F3BC2A1D30FF}
	EndProjectSection
EndProject
Project("{2150E333-8FDC-42A3-9474-1A3956D46DE8}") = "Tests", "Tests", "{24C09EDC-7F93-406D-925C-FFFA4A04EB06}"
EndProject
Project("{2150E333-8FDC-42A3-9474-1A3956D46DE8}") = "Solution Items", "Solution Items", "{C72AC34A-8335-4913-9EDA-14BB68C3A888}"
EndProject
Project("{2150E333-8FDC-42A3-9474-1A3956D46DE8}") = "NativeSource", "NativeSource", "{8D9A225A-2AEA-4A35-BAA8-2F31BB392702}"
	ProjectSection(SolutionItems) = preProject
		NativeSource\Sys.Maths.sxy = NativeSource\Sys.Maths.sxy
		NativeSource\Sys.OS.Win32.sxy = NativeSource\Sys.OS.Win32.sxy
		NativeSource\Sys.Reflection.sxy = NativeSource\Sys.Reflection.sxy
		NativeSource\Sys.Type.Strings.sxy = NativeSource\Sys.Type.Strings.sxy
		NativeSource\Sys.Type.sxy = NativeSource\Sys.Type.sxy
	EndProjectSection
EndProject
Project("{8BC9CEB8-8B4A-11D0-8D11-00A0C91BC942}") = "sexy.nativelib.reflection", "SS\sexy.nativelib.reflection\sexy.nativelib.reflection.vcxproj", "{B44E72F2-938E-4650-8F58-38DB2BDEB811}"
	ProjectSection(ProjectDependencies) = postProject
		{B4C417E3-79C5-4A07-A713-F3BC2A1D30FF} = {B4C417E3-79C5-4A07-A713-F3BC2A1D30FF}
	EndProjectSection
EndProject
Project("{8BC9CEB8-8B4A-11D0-8D11-00A0C91BC942}") = "sexy.util", "Utilities\Utilities.vcxproj", "{B4C417E3-79C5-4A07-A713-F3BC2A1D30FF}"
EndProject
Project("{8BC9CEB8-8B4A-11D0-8D11-00A0C91BC942}") = "sexyprompt", "sexyprompt\sexyprompt.vcxproj", "{F0C02983-C0AE-44CE-8CD9-46E0B2DCCA1A}"
	ProjectSection(ProjectDependencies) = postProject
		{C44956CA-B7BF-4928-B894-117DB23F15CB} = {C44956CA-B7BF-4928-B894-117DB23F15CB}
	EndProjectSection
EndProject
Project("{8BC9CEB8-8B4A-11D0-8D11-00A0C91BC942}") = "sexy.nativelib.maths", "SS\sexy.nativelib.maths\sexy.nativelib.maths.vcxproj", "{98F13A73-3C79-43EA-89AC-3A3B97B6EF05}"
EndProject
Project("{8BC9CEB8-8B4A-11D0-8D11-00A0C91BC942}") = "sexy.source.to.tree.test", "SS\sexy.source.to.tree.test\sexy.source.to.tree.test.vcxproj", "{35813DA9-21A9-4181-9937-6F07E0683CDC}"
	ProjectSection(ProjectDependencies) = postProject
		{C44956CA-B7BF-4928-B894-117DB23F15CB} = {C44956CA-B7BF-4928-B894-117DB23F15CB}
		{B4C417E3-79C5-4A07-A713-F3BC2A1D30FF} = {B4C417E3-79C5-4A07-A713-F3BC2A1D30FF}
		{E1E12DF3-EF6B-4044-80DB-46CEF55AD628} = {E1E12DF3-EF6B-4044-80DB-46CEF55AD628}
	EndProjectSection
EndProject
Project("{8BC9CEB8-8B4A-11D0-8D11-00A0C91BC942}") = "sexy.bennyhill", "sexy.bennyhill\sexy.bennyhill.vcxproj", "{533268CF-080B-4167-9CD6-E4370E982554}"
	ProjectSection(ProjectDependencies) = postProject
		{E1E12DF3-EF6B-4044-80DB-46CEF55AD628} = {E1E12DF3-EF6B-4044-80DB-46CEF55AD628}
	EndProjectSection
EndProject
Project("{8BC9CEB8-8B4A-11D0-8D11-00A0C91BC942}") = "sexy.bennyhill.test", "sexy.bennyhill.test\sexy.bennyhill.test.vcxproj", "{1236210C-0BA1-4513-A02E-B47ACE2377CB}"
	ProjectSection(ProjectDependencies) = postProject
		{533268CF-080B-4167-9CD6-E4370E982554} = {533268CF-080B-4167-9CD6-E4370E982554}
		{E1E12DF3-EF6B-4044-80DB-46CEF55AD628} = {E1E12DF3-EF6B-4044-80DB-46CEF55AD628}
	EndProjectSection
EndProject
Project("{8BC9CEB8-8B4A-11D0-8D11-00A0C91BC942}") = "sexy.test.gen", "sexy.test.gen\sexy.test.gen.vcxproj", "{4CDA74B9-0B55-42AA-84BD-A83FA467BFCD}"
	ProjectSection(ProjectDependencies) = postProject
		{0132B041-4B73-4697-B01B-03D1EF180B9F} = {0132B041-4B73-4697-B01B-03D1EF180B9F}
		{C44956CA-B7BF-4928-B894-117DB23F15CB} = {C44956CA-B7BF-4928-B894-117DB23F15CB}
		{B4C417E3-79C5-4A07-A713-F3BC2A1D30FF} = {B4C417E3-79C5-4A07-A713-F3BC2A1D30FF}
		{E1E12DF3-EF6B-4044-80DB-46CEF55AD628} = {E1E12DF3-EF6B-4044-80DB-46CEF55AD628}
		{608FC2FE-163D-4E32-B2D8-7E9CD10A80F6} = {608FC2FE-163D-4E32-B2D8-7E9CD10A80F6}
	EndProjectSection
EndProject
Project("{8BC9CEB8-8B4A-11D0-8D11-00A0C91BC942}") = "sexy.nativelib.coroutines", "SS\sexy.nativelib.coroutines\sexy.nativelib.coroutines.vcxproj", "{F98E6A1F-E0B9-44AE-8C05-3A6491A72F7D}"
EndProject
Project("{8BC9CEB8-8B4A-11D0-8D11-00A0C91BC942}") = "s-parser.2", "s-parser.2\s-parser.2.vcxproj", "{E395BC0D-506B-4869-88D4-675408F3A5B3}"
	ProjectSection(ProjectDependencies) = postProject
		{E1E12DF3-EF6B-4044-80DB-46CEF55AD628} = {E1E12DF3-EF6B-4044-80DB-46CEF55AD628}
	EndProjectSection
EndProject
Global
	GlobalSection(SolutionConfigurationPlatforms) = preSolution
		Debug|Mixed Platforms = Debug|Mixed Platforms
		Debug|Win32 = Debug|Win32
		Debug|x64 = Debug|x64
		Debug|x86 = Debug|x86
		Release|Mixed Platforms = Release|Mixed Platforms
		Release|Win32 = Release|Win32
		Release|x64 = Release|x64
		Release|x86 = Release|x86
	EndGlobalSection
	GlobalSection(ProjectConfigurationPlatforms) = postSolution
		{608FC2FE-163D-4E32-B2D8-7E9CD10A80F6}.Debug|Mixed Platforms.ActiveCfg = Debug|x64
		{608FC2FE-163D-4E32-B2D8-7E9CD10A80F6}.Debug|Mixed Platforms.Build.0 = Debug|x64
		{608FC2FE-163D-4E32-B2D8-7E9CD10A80F6}.Debug|Win32.ActiveCfg = Debug|x64
		{608FC2FE-163D-4E32-B2D8-7E9CD10A80F6}.Debug|x64.ActiveCfg = Debug|x64
		{608FC2FE-163D-4E32-B2D8-7E9CD10A80F6}.Debug|x64.Build.0 = Debug|x64
		{608FC2FE-163D-4E32-B2D8-7E9CD10A80F6}.Debug|x86.ActiveCfg = Debug|x64
		{608FC2FE-163D-4E32-B2D8-7E9CD10A80F6}.Release|Mixed Platforms.ActiveCfg = Release|x64
		{608FC2FE-163D-4E32-B2D8-7E9CD10A80F6}.Release|Mixed Platforms.Build.0 = Release|x64
		{608FC2FE-163D-4E32-B2D8-7E9CD10A80F6}.Release|Win32.ActiveCfg = Release|x64
		{608FC2FE-163D-4E32-B2D8-7E9CD10A80F6}.Release|x64.ActiveCfg = Release|x64
		{608FC2FE-163D-4E32-B2D8-7E9CD10A80F6}.Release|x64.Build.0 = Release|x64
		{608FC2FE-163D-4E32-B2D8-7E9CD10A80F6}.Release|x86.ActiveCfg = Release|x64
		{0132B041-4B73-4697-B01B-03D1EF180B9F}.Debug|Mixed Platforms.ActiveCfg = Debug|x64
		{0132B041-4B73-4697-B01B-03D1EF180B9F}.Debug|Mixed Platforms.Build.0 = Debug|x64
		{0132B041-4B73-4697-B01B-03D1EF180B9F}.Debug|Win32.ActiveCfg = Debug|x64
		{0132B041-4B73-4697-B01B-03D1EF180B9F}.Debug|x64.ActiveCfg = Debug|x64
		{0132B041-4B73-4697-B01B-03D1EF180B9F}.Debug|x64.Build.0 = Debug|x64
		{0132B041-4B73-4697-B01B-03D1EF180B9F}.Debug|x86.ActiveCfg = Debug|x64
		{0132B041-4B73-4697-B01B-03D1EF180B9F}.Release|Mixed Platforms.ActiveCfg = Release|x64
		{0132B041-4B73-4697-B01B-03D1EF180B9F}.Release|Mixed Platforms.Build.0 = Release|x64
		{0132B041-4B73-4697-B01B-03D1EF180B9F}.Release|Win32.ActiveCfg = Release|x64
		{0132B041-4B73-4697-B01B-03D1EF180B9F}.Release|x64.ActiveCfg = Release|x64
		{0132B041-4B73-4697-B01B-03D1EF180B9F}.Release|x64.Build.0 = Release|x64
		{0132B041-4B73-4697-B01B-03D1EF180B9F}.Release|x86.ActiveCfg = Release|x64
		{E1E12DF3-EF6B-4044-80DB-46CEF55AD628}.Debug|Mixed Platforms.ActiveCfg = Debug|x64
		{E1E12DF3-EF6B-4044-80DB-46CEF55AD628}.Debug|Mixed Platforms.Build.0 = Debug|x64
		{E1E12DF3-EF6B-4044-80DB-46CEF55AD628}.Debug|Win32.ActiveCfg = Debug|x64
		{E1E12DF3-EF6B-4044-80DB-46CEF55AD628}.Debug|x64.ActiveCfg = Debug|x64
		{E1E12DF3-EF6B-4044-80DB-46CEF55AD628}.Debug|x64.Build.0 = Debug|x64
		{E1E12DF3-EF6B-4044-80DB-46CEF55AD628}.Debug|x86.ActiveCfg = Debug|x64
		{E1E12DF3-EF6B-4044-80DB-46CEF55AD628}.Release|Mixed Platforms.ActiveCfg = Release|x64
		{E1E12DF3-EF6B-4044-80DB-46CEF55AD628}.Release|Mixed Platforms.Build.0 = Release|x64
		{E1E12DF3-EF6B-4044-80DB-46CEF55AD628}.Release|Win32.ActiveCfg = Release|x64
		{E1E12DF3-EF6B-4044-80DB-46CEF55AD628}.Release|x64.ActiveCfg = Release|x64
		{E1E12DF3-EF6B-4044-80DB-46CEF55AD628}.Release|x64.Build.0 = Release|x64
		{E1E12DF3-EF6B-4044-80DB-46CEF55AD628}.Release|x86.ActiveCfg = Release|x64
		{C44956CA-B7BF-4928-B894-117DB23F15CB}.Debug|Mixed Platforms.ActiveCfg = Debug|x64
		{C44956CA-B7BF-4928-B894-117DB23F15CB}.Debug|Mixed Platforms.Build.0 = Debug|x64
		{C44956CA-B7BF-4928-B894-117DB23F15CB}.Debug|Win32.ActiveCfg = Debug|x64
		{C44956CA-B7BF-4928-B894-117DB23F15CB}.Debug|x64.ActiveCfg = Debug|x64
		{C44956CA-B7BF-4928-B894-117DB23F15CB}.Debug|x64.Build.0 = Debug|x64
		{C44956CA-B7BF-4928-B894-117DB23F15CB}.Debug|x86.ActiveCfg = Debug|x64
		{C44956CA-B7BF-4928-B894-117DB23F15CB}.Release|Mixed Platforms.ActiveCfg = Release|x64
		{C44956CA-B7BF-4928-B894-117DB23F15CB}.Release|Mixed Platforms.Build.0 = Release|x64
		{C44956CA-B7BF-4928-B894-117DB23F15CB}.Release|Win32.ActiveCfg = Release|x64
		{C44956CA-B7BF-4928-B894-117DB23F15CB}.Release|x64.ActiveCfg = Release|x64
		{C44956CA-B7BF-4928-B894-117DB23F15CB}.Release|x64.Build.0 = Release|x64
		{C44956CA-B7BF-4928-B894-117DB23F15CB}.Release|x86.ActiveCfg = Release|x64
		{5B659058-DFB5-4537-9246-405FE7FD92F2}.Debug|Mixed Platforms.ActiveCfg = Debug|x64
		{5B659058-DFB5-4537-9246-405FE7FD92F2}.Debug|Mixed Platforms.Build.0 = Debug|x64
		{5B659058-DFB5-4537-9246-405FE7FD92F2}.Debug|Win32.ActiveCfg = Debug|x64
		{5B659058-DFB5-4537-9246-405FE7FD92F2}.Debug|x64.ActiveCfg = Debug|x64
		{5B659058-DFB5-4537-9246-405FE7FD92F2}.Debug|x64.Build.0 = Debug|x64
		{5B659058-DFB5-4537-9246-405FE7FD92F2}.Debug|x86.ActiveCfg = Debug|x64
		{5B659058-DFB5-4537-9246-405FE7FD92F2}.Release|Mixed Platforms.ActiveCfg = Release|x64
		{5B659058-DFB5-4537-9246-405FE7FD92F2}.Release|Mixed Platforms.Build.0 = Release|x64
		{5B659058-DFB5-4537-9246-405FE7FD92F2}.Release|Win32.ActiveCfg = Release|x64
		{5B659058-DFB5-4537-9246-405FE7FD92F2}.Release|x64.ActiveCfg = Release|x64
		{5B659058-DFB5-4537-9246-405FE7FD92F2}.Release|x64.Build.0 = Release|x64
		{5B659058-DFB5-4537-9246-405FE7FD92F2}.Release|x86.ActiveCfg = Release|x64
		{9ABC1EFE-91E6-4D4A-848E-27490791AB66}.Debug|Mixed Platforms.ActiveCfg = Debug|x64
		{9ABC1EFE-91E6-4D4A-848E-27490791AB66}.Debug|Mixed Platforms.Build.0 = Debug|x64
		{9ABC1EFE-91E6-4D4A-848E-27490791AB66}.Debug|Win32.ActiveCfg = Debug|x64
		{9ABC1EFE-91E6-4D4A-848E-27490791AB66}.Debug|x64.ActiveCfg = Debug|x64
		{9ABC1EFE-91E6-4D4A-848E-27490791AB66}.Debug|x64.Build.0 = Debug|x64
		{9ABC1EFE-91E6-4D4A-848E-27490791AB66}.Debug|x86.ActiveCfg = Debug|x64
		{9ABC1EFE-91E6-4D4A-848E-27490791AB66}.Release|Mixed Platforms.ActiveCfg = Release|x64
		{9ABC1EFE-91E6-4D4A-848E-27490791AB66}.Release|Mixed Platforms.Build.0 = Release|x64
		{9ABC1EFE-91E6-4D4A-848E-27490791AB66}.Release|Win32.ActiveCfg = Release|x64
		{9ABC1EFE-91E6-4D4A-848E-27490791AB66}.Release|x64.ActiveCfg = Release|x64
		{9ABC1EFE-91E6-4D4A-848E-27490791AB66}.Release|x64.Build.0 = Release|x64
		{9ABC1EFE-91E6-4D4A-848E-27490791AB66}.Release|x86.ActiveCfg = Release|x64
		{827470B1-D0CF-45BE-878C-89FBD120CC0F}.Debug|Mixed Platforms.ActiveCfg = Debug|x64
		{827470B1-D0CF-45BE-878C-89FBD120CC0F}.Debug|Mixed Platforms.Build.0 = Debug|x64
		{827470B1-D0CF-45BE-878C-89FBD120CC0F}.Debug|Win32.ActiveCfg = Debug|x64
		{827470B1-D0CF-45BE-878C-89FBD120CC0F}.Debug|x64.ActiveCfg = Debug|x64
		{827470B1-D0CF-45BE-878C-89FBD120CC0F}.Debug|x64.Build.0 = Debug|x64
		{827470B1-D0CF-45BE-878C-89FBD120CC0F}.Debug|x86.ActiveCfg = Debug|x64
		{827470B1-D0CF-45BE-878C-89FBD120CC0F}.Release|Mixed Platforms.ActiveCfg = Release|x64
		{827470B1-D0CF-45BE-878C-89FBD120CC0F}.Release|Mixed Platforms.Build.0 = Release|x64
		{827470B1-D0CF-45BE-878C-89FBD120CC0F}.Release|Win32.ActiveCfg = Release|x64
		{827470B1-D0CF-45BE-878C-89FBD120CC0F}.Release|x64.ActiveCfg = Release|x64
		{827470B1-D0CF-45BE-878C-89FBD120CC0F}.Release|x64.Build.0 = Release|x64
		{827470B1-D0CF-45BE-878C-89FBD120CC0F}.Release|x86.ActiveCfg = Release|x64
		{583A4F02-3C54-4BFA-A19C-F23C78D7C5EB}.Debug|Mixed Platforms.ActiveCfg = Debug|x64
		{583A4F02-3C54-4BFA-A19C-F23C78D7C5EB}.Debug|Mixed Platforms.Build.0 = Debug|x64
		{583A4F02-3C54-4BFA-A19C-F23C78D7C5EB}.Debug|Win32.ActiveCfg = Debug|x64
		{583A4F02-3C54-4BFA-A19C-F23C78D7C5EB}.Debug|x64.ActiveCfg = Debug|x64
		{583A4F02-3C54-4BFA-A19C-F23C78D7C5EB}.Debug|x64.Build.0 = Debug|x64
		{583A4F02-3C54-4BFA-A19C-F23C78D7C5EB}.Debug|x86.ActiveCfg = Debug|x64
		{583A4F02-3C54-4BFA-A19C-F23C78D7C5EB}.Release|Mixed Platforms.ActiveCfg = Release|x64
		{583A4F02-3C54-4BFA-A19C-F23C78D7C5EB}.Release|Mixed Platforms.Build.0 = Release|x64
		{583A4F02-3C54-4BFA-A19C-F23C78D7C5EB}.Release|Win32.ActiveCfg = Release|x64
		{583A4F02-3C54-4BFA-A19C-F23C78D7C5EB}.Release|x64.ActiveCfg = Release|x64
		{583A4F02-3C54-4BFA-A19C-F23C78D7C5EB}.Release|x64.Build.0 = Release|x64
		{583A4F02-3C54-4BFA-A19C-F23C78D7C5EB}.Release|x86.ActiveCfg = Release|x64
		{1CDD2091-67B1-4E95-9AA7-D2DBF3891623}.Debug|Mixed Platforms.ActiveCfg = Debug|x64
		{1CDD2091-67B1-4E95-9AA7-D2DBF3891623}.Debug|Mixed Platforms.Build.0 = Debug|x64
		{1CDD2091-67B1-4E95-9AA7-D2DBF3891623}.Debug|Win32.ActiveCfg = Debug|x64
		{1CDD2091-67B1-4E95-9AA7-D2DBF3891623}.Debug|x64.ActiveCfg = Debug|x64
		{1CDD2091-67B1-4E95-9AA7-D2DBF3891623}.Debug|x64.Build.0 = Debug|x64
		{1CDD2091-67B1-4E95-9AA7-D2DBF3891623}.Debug|x86.ActiveCfg = Debug|x64
		{1CDD2091-67B1-4E95-9AA7-D2DBF3891623}.Release|Mixed Platforms.ActiveCfg = Release|x64
		{1CDD2091-67B1-4E95-9AA7-D2DBF3891623}.Release|Mixed Platforms.Build.0 = Release|x64
		{1CDD2091-67B1-4E95-9AA7-D2DBF3891623}.Release|Win32.ActiveCfg = Release|x64
		{1CDD2091-67B1-4E95-9AA7-D2DBF3891623}.Release|x64.ActiveCfg = Release|x64
		{1CDD2091-67B1-4E95-9AA7-D2DBF3891623}.Release|x64.Build.0 = Release|x64
		{1CDD2091-67B1-4E95-9AA7-D2DBF3891623}.Release|x86.ActiveCfg = Release|x64
		{9802CC6F-7FB6-4B49-AA6B-2DC786CB6956}.Debug|Mixed Platforms.ActiveCfg = Debug|x64
		{9802CC6F-7FB6-4B49-AA6B-2DC786CB6956}.Debug|Mixed Platforms.Build.0 = Debug|x64
		{9802CC6F-7FB6-4B49-AA6B-2DC786CB6956}.Debug|Win32.ActiveCfg = Debug|x64
		{9802CC6F-7FB6-4B49-AA6B-2DC786CB6956}.Debug|x64.ActiveCfg = Debug|x64
		{9802CC6F-7FB6-4B49-AA6B-2DC786CB6956}.Debug|x64.Build.0 = Debug|x64
		{9802CC6F-7FB6-4B49-AA6B-2DC786CB6956}.Debug|x86.ActiveCfg = Debug|x64
		{9802CC6F-7FB6-4B49-AA6B-2DC786CB6956}.Release|Mixed Platforms.ActiveCfg = Release|x64
		{9802CC6F-7FB6-4B49-AA6B-2DC786CB6956}.Release|Mixed Platforms.Build.0 = Release|x64
		{9802CC6F-7FB6-4B49-AA6B-2DC786CB6956}.Release|Win32.ActiveCfg = Release|x64
		{9802CC6F-7FB6-4B49-AA6B-2DC786CB6956}.Release|x64.ActiveCfg = Release|x64
		{9802CC6F-7FB6-4B49-AA6B-2DC786CB6956}.Release|x64.Build.0 = Release|x64
		{9802CC6F-7FB6-4B49-AA6B-2DC786CB6956}.Release|x86.ActiveCfg = Release|x64
		{B44E72F2-938E-4650-8F58-38DB2BDEB811}.Debug|Mixed Platforms.ActiveCfg = Debug|x64
		{B44E72F2-938E-4650-8F58-38DB2BDEB811}.Debug|Mixed Platforms.Build.0 = Debug|x64
		{B44E72F2-938E-4650-8F58-38DB2BDEB811}.Debug|Win32.ActiveCfg = Debug|x64
		{B44E72F2-938E-4650-8F58-38DB2BDEB811}.Debug|x64.ActiveCfg = Debug|x64
		{B44E72F2-938E-4650-8F58-38DB2BDEB811}.Debug|x64.Build.0 = Debug|x64
		{B44E72F2-938E-4650-8F58-38DB2BDEB811}.Debug|x86.ActiveCfg = Debug|x64
		{B44E72F2-938E-4650-8F58-38DB2BDEB811}.Release|Mixed Platforms.ActiveCfg = Release|x64
		{B44E72F2-938E-4650-8F58-38DB2BDEB811}.Release|Mixed Platforms.Build.0 = Release|x64
		{B44E72F2-938E-4650-8F58-38DB2BDEB811}.Release|Win32.ActiveCfg = Release|x64
		{B44E72F2-938E-4650-8F58-38DB2BDEB811}.Release|x64.ActiveCfg = Release|x64
		{B44E72F2-938E-4650-8F58-38DB2BDEB811}.Release|x64.Build.0 = Release|x64
		{B44E72F2-938E-4650-8F58-38DB2BDEB811}.Release|x86.ActiveCfg = Release|x64
		{B4C417E3-79C5-4A07-A713-F3BC2A1D30FF}.Debug|Mixed Platforms.ActiveCfg = Debug|x64
		{B4C417E3-79C5-4A07-A713-F3BC2A1D30FF}.Debug|Mixed Platforms.Build.0 = Debug|x64
		{B4C417E3-79C5-4A07-A713-F3BC2A1D30FF}.Debug|Win32.ActiveCfg = Debug|x64
		{B4C417E3-79C5-4A07-A713-F3BC2A1D30FF}.Debug|x64.ActiveCfg = Debug|x64
		{B4C417E3-79C5-4A07-A713-F3BC2A1D30FF}.Debug|x64.Build.0 = Debug|x64
		{B4C417E3-79C5-4A07-A713-F3BC2A1D30FF}.Debug|x86.ActiveCfg = Debug|x64
		{B4C417E3-79C5-4A07-A713-F3BC2A1D30FF}.Release|Mixed Platforms.ActiveCfg = Release|x64
		{B4C417E3-79C5-4A07-A713-F3BC2A1D30FF}.Release|Mixed Platforms.Build.0 = Release|x64
		{B4C417E3-79C5-4A07-A713-F3BC2A1D30FF}.Release|Win32.ActiveCfg = Release|x64
		{B4C417E3-79C5-4A07-A713-F3BC2A1D30FF}.Release|x64.ActiveCfg = Release|x64
		{B4C417E3-79C5-4A07-A713-F3BC2A1D30FF}.Release|x64.Build.0 = Release|x64
		{B4C417E3-79C5-4A07-A713-F3BC2A1D30FF}.Release|x86.ActiveCfg = Release|x64
		{F0C02983-C0AE-44CE-8CD9-46E0B2DCCA1A}.Debug|Mixed Platforms.ActiveCfg = Debug|x64
		{F0C02983-C0AE-44CE-8CD9-46E0B2DCCA1A}.Debug|Mixed Platforms.Build.0 = Debug|x64
		{F0C02983-C0AE-44CE-8CD9-46E0B2DCCA1A}.Debug|Win32.ActiveCfg = Debug|x64
		{F0C02983-C0AE-44CE-8CD9-46E0B2DCCA1A}.Debug|x64.ActiveCfg = Debug|x64
		{F0C02983-C0AE-44CE-8CD9-46E0B2DCCA1A}.Debug|x64.Build.0 = Debug|x64
		{F0C02983-C0AE-44CE-8CD9-46E0B2DCCA1A}.Debug|x86.ActiveCfg = Debug|x64
		{F0C02983-C0AE-44CE-8CD9-46E0B2DCCA1A}.Release|Mixed Platforms.ActiveCfg = Release|x64
		{F0C02983-C0AE-44CE-8CD9-46E0B2DCCA1A}.Release|Mixed Platforms.Build.0 = Release|x64
		{F0C02983-C0AE-44CE-8CD9-46E0B2DCCA1A}.Release|Win32.ActiveCfg = Release|x64
		{F0C02983-C0AE-44CE-8CD9-46E0B2DCCA1A}.Release|x64.ActiveCfg = Release|x64
		{F0C02983-C0AE-44CE-8CD9-46E0B2DCCA1A}.Release|x64.Build.0 = Release|x64
		{F0C02983-C0AE-44CE-8CD9-46E0B2DCCA1A}.Release|x86.ActiveCfg = Release|x64
		{98F13A73-3C79-43EA-89AC-3A3B97B6EF05}.Debug|Mixed Platforms.ActiveCfg = Debug|x64
		{98F13A73-3C79-43EA-89AC-3A3B97B6EF05}.Debug|Mixed Platforms.Build.0 = Debug|x64
		{98F13A73-3C79-43EA-89AC-3A3B97B6EF05}.Debug|Win32.ActiveCfg = Debug|x64
		{98F13A73-3C79-43EA-89AC-3A3B97B6EF05}.Debug|x64.ActiveCfg = Debug|x64
		{98F13A73-3C79-43EA-89AC-3A3B97B6EF05}.Debug|x64.Build.0 = Debug|x64
		{98F13A73-3C79-43EA-89AC-3A3B97B6EF05}.Debug|x86.ActiveCfg = Debug|x64
		{98F13A73-3C79-43EA-89AC-3A3B97B6EF05}.Release|Mixed Platforms.ActiveCfg = Release|x64
		{98F13A73-3C79-43EA-89AC-3A3B97B6EF05}.Release|Mixed Platforms.Build.0 = Release|x64
		{98F13A73-3C79-43EA-89AC-3A3B97B6EF05}.Release|Win32.ActiveCfg = Release|x64
		{98F13A73-3C79-43EA-89AC-3A3B97B6EF05}.Release|x64.ActiveCfg = Release|x64
		{98F13A73-3C79-43EA-89AC-3A3B97B6EF05}.Release|x64.Build.0 = Release|x64
		{98F13A73-3C79-43EA-89AC-3A3B97B6EF05}.Release|x86.ActiveCfg = Release|x64
		{35813DA9-21A9-4181-9937-6F07E0683CDC}.Debug|Mixed Platforms.ActiveCfg = Debug|x64
		{35813DA9-21A9-4181-9937-6F07E0683CDC}.Debug|Mixed Platforms.Build.0 = Debug|x64
		{35813DA9-21A9-4181-9937-6F07E0683CDC}.Debug|Win32.ActiveCfg = Debug|x64
		{35813DA9-21A9-4181-9937-6F07E0683CDC}.Debug|x64.ActiveCfg = Debug|x64
		{35813DA9-21A9-4181-9937-6F07E0683CDC}.Debug|x64.Build.0 = Debug|x64
		{35813DA9-21A9-4181-9937-6F07E0683CDC}.Debug|x86.ActiveCfg = Debug|x64
		{35813DA9-21A9-4181-9937-6F07E0683CDC}.Release|Mixed Platforms.ActiveCfg = Release|x64
		{35813DA9-21A9-4181-9937-6F07E0683CDC}.Release|Mixed Platforms.Build.0 = Release|x64
		{35813DA9-21A9-4181-9937-6F07E0683CDC}.Release|Win32.ActiveCfg = Release|x64
		{35813DA9-21A9-4181-9937-6F07E0683CDC}.Release|x64.ActiveCfg = Release|x64
		{35813DA9-21A9-4181-9937-6F07E0683CDC}.Release|x64.Build.0 = Release|x64
		{35813DA9-21A9-4181-9937-6F07E0683CDC}.Release|x86.ActiveCfg = Release|x64
		{533268CF-080B-4167-9CD6-E4370E982554}.Debug|Mixed Platforms.ActiveCfg = Debug|x64
		{533268CF-080B-4167-9CD6-E4370E982554}.Debug|Mixed Platforms.Build.0 = Debug|x64
		{533268CF-080B-4167-9CD6-E4370E982554}.Debug|Win32.ActiveCfg = Debug|x64
		{533268CF-080B-4167-9CD6-E4370E982554}.Debug|x64.ActiveCfg = Debug|x64
		{533268CF-080B-4167-9CD6-E4370E982554}.Debug|x64.Build.0 = Debug|x64
		{533268CF-080B-4167-9CD6-E4370E982554}.Debug|x86.ActiveCfg = Debug|x64
		{533268CF-080B-4167-9CD6-E4370E982554}.Release|Mixed Platforms.ActiveCfg = Release|x64
		{533268CF-080B-4167-9CD6-E4370E982554}.Release|Mixed Platforms.Build.0 = Release|x64
		{533268CF-080B-4167-9CD6-E4370E982554}.Release|Win32.ActiveCfg = Release|x64
		{533268CF-080B-4167-9CD6-E4370E982554}.Release|x64.ActiveCfg = Release|x64
		{533268CF-080B-4167-9CD6-E4370E982554}.Release|x64.Build.0 = Release|x64
		{533268CF-080B-4167-9CD6-E4370E982554}.Release|x86.ActiveCfg = Release|x64
		{1236210C-0BA1-4513-A02E-B47ACE2377CB}.Debug|Mixed Platforms.ActiveCfg = Debug|x64
		{1236210C-0BA1-4513-A02E-B47ACE2377CB}.Debug|Mixed Platforms.Build.0 = Debug|x64
		{1236210C-0BA1-4513-A02E-B47ACE2377CB}.Debug|Win32.ActiveCfg = Debug|x64
		{1236210C-0BA1-4513-A02E-B47ACE2377CB}.Debug|x64.ActiveCfg = Debug|x64
		{1236210C-0BA1-4513-A02E-B47ACE2377CB}.Debug|x64.Build.0 = Debug|x64
		{1236210C-0BA1-4513-A02E-B47ACE2377CB}.Debug|x86.ActiveCfg = Debug|x64
		{1236210C-0BA1-4513-A02E-B47ACE2377CB}.Release|Mixed Platforms.ActiveCfg = Release|x64
		{1236210C-0BA1-4513-A02E-B47ACE2377CB}.Release|Mixed Platforms.Build.0 = Release|x64
		{1236210C-0BA1-4513-A02E-B47ACE2377CB}.Release|Win32.ActiveCfg = Release|x64
		{1236210C-0BA1-4513-A02E-B47ACE2377CB}.Release|x64.ActiveCfg = Release|x64
		{1236210C-0BA1-4513-A02E-B47ACE2377CB}.Release|x64.Build.0 = Release|x64
		{1236210C-0BA1-4513-A02E-B47ACE2377CB}.Release|x86.ActiveCfg = Release|x64
		{4CDA74B9-0B55-42AA-84BD-A83FA467BFCD}.Debug|Mixed Platforms.ActiveCfg = Debug|x64
		{4CDA74B9-0B55-42AA-84BD-A83FA467BFCD}.Debug|Mixed Platforms.Build.0 = Debug|x64
		{4CDA74B9-0B55-42AA-84BD-A83FA467BFCD}.Debug|Win32.ActiveCfg = Debug|x64
		{4CDA74B9-0B55-42AA-84BD-A83FA467BFCD}.Debug|x64.ActiveCfg = Debug|x64
		{4CDA74B9-0B55-42AA-84BD-A83FA467BFCD}.Debug|x64.Build.0 = Debug|x64
		{4CDA74B9-0B55-42AA-84BD-A83FA467BFCD}.Debug|x86.ActiveCfg = Debug|x64
		{4CDA74B9-0B55-42AA-84BD-A83FA467BFCD}.Release|Mixed Platforms.ActiveCfg = Release|x64
		{4CDA74B9-0B55-42AA-84BD-A83FA467BFCD}.Release|Mixed Platforms.Build.0 = Release|x64
		{4CDA74B9-0B55-42AA-84BD-A83FA467BFCD}.Release|Win32.ActiveCfg = Release|x64
		{4CDA74B9-0B55-42AA-84BD-A83FA467BFCD}.Release|x64.ActiveCfg = Release|x64
		{4CDA74B9-0B55-42AA-84BD-A83FA467BFCD}.Release|x64.Build.0 = Release|x64
		{4CDA74B9-0B55-42AA-84BD-A83FA467BFCD}.Release|x86.ActiveCfg = Release|x64
		{F98E6A1F-E0B9-44AE-8C05-3A6491A72F7D}.Debug|Mixed Platforms.ActiveCfg = Debug|x64
		{F98E6A1F-E0B9-44AE-8C05-3A6491A72F7D}.Debug|Mixed Platforms.Build.0 = Debug|x64
		{F98E6A1F-E0B9-44AE-8C05-3A6491A72F7D}.Debug|Win32.ActiveCfg = Debug|x64
		{F98E6A1F-E0B9-44AE-8C05-3A6491A72F7D}.Debug|x64.ActiveCfg = Debug|x64
		{F98E6A1F-E0B9-44AE-8C05-3A6491A72F7D}.Debug|x64.Build.0 = Debug|x64
		{F98E6A1F-E0B9-44AE-8C05-3A6491A72F7D}.Debug|x86.ActiveCfg = Debug|x64
		{F98E6A1F-E0B9-44AE-8C05-3A6491A72F7D}.Release|Mixed Platforms.ActiveCfg = Release|x64
		{F98E6A1F-E0B9-44AE-8C05-3A6491A72F7D}.Release|Mixed Platforms.Build.0 = Release|x64
		{F98E6A1F-E0B9-44AE-8C05-3A6491A72F7D}.Release|Win32.ActiveCfg = Release|x64
		{F98E6A1F-E0B9-44AE-8C05-3A6491A72F7D}.Release|x64.ActiveCfg = Release|x64
		{F98E6A1F-E0B9-44AE-8C05-3A6491A72F7D}.Release|x64.Build.0 = Release|x64
		{F98E6A1F-E0B9-44AE-8C05-3A6491A72F7D}.Release|x86.ActiveCfg = Release|x64
		{E395BC0D-506B-4869-88D4-675408F3A5B3}.Debug|Mixed Platforms.ActiveCfg = Debug|x64
		{E395BC0D-506B-4869-88D4-675408F3A5B3}.Debug|Mixed Platforms.Build.0 = Debug|x64
		{E395BC0D-506B-4869-88D4-675408F3A5B3}.Debug|Win32.ActiveCfg = Debug|x64
		{E395BC0D-506B-4869-88D4-675408F3A5B3}.Debug|x64.ActiveCfg = Debug|x64
		{E395BC0D-506B-4869-88D4-675408F3A5B3}.Debug|x64.Build.0 = Debug|x64
		{E395BC0D-506B-4869-88D4-675408F3A5B3}.Debug|x86.ActiveCfg = Debug|x64
		{E395BC0D-506B-4869-88D4-675408F3A5B3}.Release|Mixed Platforms.ActiveCfg = Release|x64
		{E395BC0D-506B-4869-88D4-675408F3A5B3}.Release|Mixed Platforms.Build.0 = Release|x64
		{E395BC0D-506B-4869-88D4-675408F3A5B3}.Release|Win32.ActiveCfg = Release|x64
		{E395BC0D-506B-4869-88D4-675408F3A5B3}.Release|x64.ActiveCfg = Release|x64
		{E395BC0D-506B-4869-88D4-675408F3A5B3}.Release|x64.Build.0 = Release|x64
		{E395BC0D-506B-4869-88D4-675408F3A5B3}.Release|x86.ActiveCfg = Release|x64
	EndGlobalSection
	GlobalSection(SolutionProperties) = preSolution
		HideSolutionNode = FALSE
	EndGlobalSection
	GlobalSection(NestedProjects) = preSolution
		{608FC2FE-163D-4E32-B2D8-7E9CD10A80F6} = {7C14F072-006D-4E71-9AE7-D69D48F7E058}
		{0132B041-4B73-4697-B01B-03D1EF180B9F} = {7C14F072-006D-4E71-9AE7-D69D48F7E058}
		{E1E12DF3-EF6B-4044-80DB-46CEF55AD628} = {7C14F072-006D-4E71-9AE7-D69D48F7E058}
		{C44956CA-B7BF-4928-B894-117DB23F15CB} = {7C14F072-006D-4E71-9AE7-D69D48F7E058}
		{5B659058-DFB5-4537-9246-405FE7FD92F2} = {16AF6D64-A8F2-4D5D-AC5A-E890E75DCE60}
		{9ABC1EFE-91E6-4D4A-848E-27490791AB66} = {16AF6D64-A8F2-4D5D-AC5A-E890E75DCE60}
		{827470B1-D0CF-45BE-878C-89FBD120CC0F} = {24C09EDC-7F93-406D-925C-FFFA4A04EB06}
		{583A4F02-3C54-4BFA-A19C-F23C78D7C5EB} = {24C09EDC-7F93-406D-925C-FFFA4A04EB06}
		{1CDD2091-67B1-4E95-9AA7-D2DBF3891623} = {24C09EDC-7F93-406D-925C-FFFA4A04EB06}
		{9802CC6F-7FB6-4B49-AA6B-2DC786CB6956} = {24C09EDC-7F93-406D-925C-FFFA4A04EB06}
		{B44E72F2-938E-4650-8F58-38DB2BDEB811} = {7C14F072-006D-4E71-9AE7-D69D48F7E058}
		{B4C417E3-79C5-4A07-A713-F3BC2A1D30FF} = {7C14F072-006D-4E71-9AE7-D69D48F7E058}
		{F0C02983-C0AE-44CE-8CD9-46E0B2DCCA1A} = {7C14F072-006D-4E71-9AE7-D69D48F7E058}
		{98F13A73-3C79-43EA-89AC-3A3B97B6EF05} = {7C14F072-006D-4E71-9AE7-D69D48F7E058}
		{35813DA9-21A9-4181-9937-6F07E0683CDC} = {24C09EDC-7F93-406D-925C-FFFA4A04EB06}
		{533268CF-080B-4167-9CD6-E4370E982554} = {7C14F072-006D-4E71-9AE7-D69D48F7E058}
		{1236210C-0BA1-4513-A02E-B47ACE2377CB} = {24C09EDC-7F93-406D-925C-FFFA4A04EB06}
		{4CDA74B9-0B55-42AA-84BD-A83FA467BFCD} = {24C09EDC-7F93-406D-925C-FFFA4A04EB06}
		{F98E6A1F-E0B9-44AE-8C05-3A6491A72F7D} = {7C14F072-006D-4E71-9AE7-D69D48F7E058}
		{E395BC0D-506B-4869-88D4-675408F3A5B3} = {7C14F072-006D-4E71-9AE7-D69D48F7E058}
	EndGlobalSection
	GlobalSection(ExtensibilityGlobals) = postSolution
		SolutionGuid = {2CCF8F32-897B-49AA-B738-668F246C512B}
	EndGlobalSection
EndGlobal
