<?xml version="1.0" encoding="utf-8"?>
<Project ToolsVersion="4.0" xmlns="http://schemas.microsoft.com/developer/msbuild/2003">
  <ItemGroup>
    <ClCompile Include="..\src\DockingFeature\GoToLineDlg.cpp">
      <Filter>Source</Filter>
    </ClCompile>
    <ClCompile Include="..\src\PluginDefinition.cpp">
      <Filter>Source</Filter>
    </ClCompile>
    <ClCompile Include="..\src\DockingFeature\StaticDialog.cpp">
      <Filter>Source</Filter>
    </ClCompile>
    <ClCompile Include="..\src\sxy.4.npp.main.cpp">
      <Filter>Source</Filter>
    </ClCompile>
  </ItemGroup>
  <ItemGroup>
    <ClInclude Include="..\src\DockingFeature\Docking.h">
      <Filter>Headers</Filter>
    </ClInclude>
    <ClInclude Include="..\src\DockingFeature\DockingDlgInterface.h">
      <Filter>Headers</Filter>
    </ClInclude>
    <ClInclude Include="..\src\DockingFeature\dockingResource.h">
      <Filter>Headers</Filter>
    </ClInclude>
    <ClInclude Include="..\src\DockingFeature\GoToLineDlg.h">
      <Filter>Headers</Filter>
    </ClInclude>
    <ClInclude Include="..\src\menuCmdID.h">
      <Filter>Headers</Filter>
    </ClInclude>
    <ClInclude Include="..\src\Notepad_plus_msgs.h">
      <Filter>Headers</Filter>
    </ClInclude>
    <ClInclude Include="..\src\PluginDefinition.h">
      <Filter>Headers</Filter>
    </ClInclude>
    <ClInclude Include="..\src\PluginInterface.h">
      <Filter>Headers</Filter>
    </ClInclude>
    <ClInclude Include="..\src\DockingFeature\resource.h">
      <Filter>Headers</Filter>
    </ClInclude>
    <ClInclude Include="..\src\resource.h">
      <Filter>Headers</Filter>
    </ClInclude>
    <ClInclude Include="..\src\Sci_Position.h">
      <Filter>Headers</Filter>
    </ClInclude>
    <ClInclude Include="..\src\Scintilla.h">
      <Filter>Headers</Filter>
    </ClInclude>
    <ClInclude Include="..\src\DockingFeature\StaticDialog.h">
      <Filter>Headers</Filter>
    </ClInclude>
    <ClInclude Include="..\src\DockingFeature\Window.h">
      <Filter>Headers</Filter>
    </ClInclude>
  </ItemGroup>
  <ItemGroup>
    <ResourceCompile Include="..\src\DockingFeature\goLine.rc">
      <Filter>Resource</Filter>
    </ResourceCompile>
    <ResourceCompile Include="..\src\NppPluginDemo.rc">
      <Filter>Resource</Filter>
    </ResourceCompile>
  </ItemGroup>
  <ItemGroup>
    <Filter Include="Source">
      <UniqueIdentifier>{0fc98afc-9a4d-444f-a4dd-d2ceb7c6c22b}</UniqueIdentifier>
    </Filter>
    <Filter Include="Headers">
      <UniqueIdentifier>{c73a0de1-c723-48c2-bc64-a623cbd870d7}</UniqueIdentifier>
    </Filter>
    <Filter Include="Resource">
      <UniqueIdentifier>{07fcd363-7836-4355-9954-968c4e1d0174}</UniqueIdentifier>
    </Filter>
  </ItemGroup>
</Project>